// !$*UTF8*$!
{
	archiveVersion = 1;
	classes = {
	};
	objectVersion = 56;
	objects = {

/* Begin PBXBuildFile section */
		5CE1C46C2A966704005C7ABC /* FirebaseNotification.swift in Sources */ = {isa = PBXBuildFile; fileRef = 5CE1C46B2A966704005C7ABC /* FirebaseNotification.swift */; };
		5CE1C46E2A966D84005C7ABC /* GoogleService-Info.plist in Resources */ = {isa = PBXBuildFile; fileRef = 5CE1C46D2A966D84005C7ABC /* GoogleService-Info.plist */; };
		8707CB86FED4D64C709AF8C7 /* Pods_MyOwnWorkout.framework in Frameworks */ = {isa = PBXBuildFile; fileRef = D02E964DBBA9B317BD7ED8F9 /* Pods_MyOwnWorkout.framework */; };
		A201C8812A2B5953006B1781 /* SchedulePageViewController.swift in Sources */ = {isa = PBXBuildFile; fileRef = A201C8802A2B5953006B1781 /* SchedulePageViewController.swift */; };
		A22BCDCD2A3713ED001071BE /* SMSCodeApprovePageViewController.swift in Sources */ = {isa = PBXBuildFile; fileRef = A22BCDCC2A3713ED001071BE /* SMSCodeApprovePageViewController.swift */; };
		A26E8F3D2A7507AD0054D495 /* FileManagerExtensions.swift in Sources */ = {isa = PBXBuildFile; fileRef = A26E8F3C2A7507AD0054D495 /* FileManagerExtensions.swift */; };
		A26E8F402A7667430054D495 /* AuthModel.swift in Sources */ = {isa = PBXBuildFile; fileRef = A26E8F3F2A7667430054D495 /* AuthModel.swift */; };
		A26E8F422A766ABB0054D495 /* Keychain.swift in Sources */ = {isa = PBXBuildFile; fileRef = A26E8F412A766ABB0054D495 /* Keychain.swift */; };
		A275C9AC2A2B5CAF00B18420 /* FeedPageViewController.swift in Sources */ = {isa = PBXBuildFile; fileRef = A275C9AB2A2B5CAF00B18420 /* FeedPageViewController.swift */; };
		A275C9B22A2B70EB00B18420 /* EntryPageViewController.swift in Sources */ = {isa = PBXBuildFile; fileRef = A275C9B12A2B70EB00B18420 /* EntryPageViewController.swift */; };
		A275C9B42A2B70FE00B18420 /* RegistrationPageViewController.swift in Sources */ = {isa = PBXBuildFile; fileRef = A275C9B32A2B70FE00B18420 /* RegistrationPageViewController.swift */; };
		A28B7FBA2A84F78600B20B5F /* SettingsPageViewController.swift in Sources */ = {isa = PBXBuildFile; fileRef = A28B7FB92A84F78600B20B5F /* SettingsPageViewController.swift */; };
		A28B7FBC2A84F85300B20B5F /* SettingsPagePresenter.swift in Sources */ = {isa = PBXBuildFile; fileRef = A28B7FBB2A84F85300B20B5F /* SettingsPagePresenter.swift */; };
		A28B7FC22A87DC3400B20B5F /* AboutAppPageViewController.swift in Sources */ = {isa = PBXBuildFile; fileRef = A28B7FC12A87DC3400B20B5F /* AboutAppPageViewController.swift */; };
		A28B7FC42A87DC9200B20B5F /* AboutAppPagePresenter.swift in Sources */ = {isa = PBXBuildFile; fileRef = A28B7FC32A87DC9200B20B5F /* AboutAppPagePresenter.swift */; };
		A28B7FCA2A87DF9A00B20B5F /* PersonalAccountPageViewController.swift in Sources */ = {isa = PBXBuildFile; fileRef = A28B7FC92A87DF9A00B20B5F /* PersonalAccountPageViewController.swift */; };
		A28B7FCC2A87E02B00B20B5F /* PersonalAccountPagePresenter.swift in Sources */ = {isa = PBXBuildFile; fileRef = A28B7FCB2A87E02B00B20B5F /* PersonalAccountPagePresenter.swift */; };
		A28B7FD32A87E42100B20B5F /* MyAchievmentsPageViewController.swift in Sources */ = {isa = PBXBuildFile; fileRef = A28B7FD22A87E42100B20B5F /* MyAchievmentsPageViewController.swift */; };
		A28B7FD52A87E49D00B20B5F /* MyAchievmentsPagePresenter.swift in Sources */ = {isa = PBXBuildFile; fileRef = A28B7FD42A87E49D00B20B5F /* MyAchievmentsPagePresenter.swift */; };
		A28B7FDB2A88ABA800B20B5F /* MyExersisesPageViewController.swift in Sources */ = {isa = PBXBuildFile; fileRef = A28B7FDA2A88ABA800B20B5F /* MyExersisesPageViewController.swift */; };
		A28B7FDD2A88AC7200B20B5F /* MyExercisesPagePresenter.swift in Sources */ = {isa = PBXBuildFile; fileRef = A28B7FDC2A88AC7200B20B5F /* MyExercisesPagePresenter.swift */; };
		A28B7FE32A88B27800B20B5F /* MyWorkoutsPageViewController.swift in Sources */ = {isa = PBXBuildFile; fileRef = A28B7FE22A88B27800B20B5F /* MyWorkoutsPageViewController.swift */; };
		A28B7FE52A88B2D400B20B5F /* MyWorkoutsPagePresenter.swift in Sources */ = {isa = PBXBuildFile; fileRef = A28B7FE42A88B2D400B20B5F /* MyWorkoutsPagePresenter.swift */; };
		A28B7FEB2A88B76400B20B5F /* TrainingProgramsViewController.swift in Sources */ = {isa = PBXBuildFile; fileRef = A28B7FEA2A88B76400B20B5F /* TrainingProgramsViewController.swift */; };
		A28B7FED2A88B7BE00B20B5F /* TrainingProgramsPresenter.swift in Sources */ = {isa = PBXBuildFile; fileRef = A28B7FEC2A88B7BE00B20B5F /* TrainingProgramsPresenter.swift */; };
		A28B7FF32A8A4CDE00B20B5F /* PhoneNumberModel.swift in Sources */ = {isa = PBXBuildFile; fileRef = A28B7FF22A8A4CDE00B20B5F /* PhoneNumberModel.swift */; };
		A2954F882A7E8B9C003947CF /* MainPagePresenter.swift in Sources */ = {isa = PBXBuildFile; fileRef = A2954F872A7E8B9C003947CF /* MainPagePresenter.swift */; };
		A2954F8A2A7E9035003947CF /* SchedulePagePresenter.swift in Sources */ = {isa = PBXBuildFile; fileRef = A2954F892A7E9035003947CF /* SchedulePagePresenter.swift */; };
		A2954F8C2A7E90AB003947CF /* FeedPagePresenter.swift in Sources */ = {isa = PBXBuildFile; fileRef = A2954F8B2A7E90AB003947CF /* FeedPagePresenter.swift */; };
		A2954F8E2A7E9127003947CF /* RegistrationPagePresenter.swift in Sources */ = {isa = PBXBuildFile; fileRef = A2954F8D2A7E9127003947CF /* RegistrationPagePresenter.swift */; };
		A2954F902A7E994B003947CF /* EntryPagePresenter.swift in Sources */ = {isa = PBXBuildFile; fileRef = A2954F8F2A7E994B003947CF /* EntryPagePresenter.swift */; };
		A2954F922A7E99B9003947CF /* SMSCodeApprovePagePresenter.swift in Sources */ = {isa = PBXBuildFile; fileRef = A2954F912A7E99B9003947CF /* SMSCodeApprovePagePresenter.swift */; };
		A2954F942A7E9A36003947CF /* PersonPagePresenter.swift in Sources */ = {isa = PBXBuildFile; fileRef = A2954F932A7E9A36003947CF /* PersonPagePresenter.swift */; };
		A29C7D8F2A6548C20065B255 /* DataBase.swift in Sources */ = {isa = PBXBuildFile; fileRef = A29C7D8E2A6548C20065B255 /* DataBase.swift */; };
		A2ACA93E2A3C72CA0028F9FD /* UIViewControllerExtensions.swift in Sources */ = {isa = PBXBuildFile; fileRef = A2ACA93D2A3C72CA0028F9FD /* UIViewControllerExtensions.swift */; };
		A2ACA9402A3C75650028F9FD /* StringExtensions.swift in Sources */ = {isa = PBXBuildFile; fileRef = A2ACA93F2A3C75650028F9FD /* StringExtensions.swift */; };
		A2ACA9472A3F26E30028F9FD /* EyeButtonView.swift in Sources */ = {isa = PBXBuildFile; fileRef = A2ACA9462A3F26E30028F9FD /* EyeButtonView.swift */; };
		A2C3FF822A18E71400231082 /* AppDelegate.swift in Sources */ = {isa = PBXBuildFile; fileRef = A2C3FF812A18E71400231082 /* AppDelegate.swift */; };
		A2C3FF842A18E71400231082 /* SceneDelegate.swift in Sources */ = {isa = PBXBuildFile; fileRef = A2C3FF832A18E71400231082 /* SceneDelegate.swift */; };
		A2C3FF862A18E71400231082 /* MainPageViewController.swift in Sources */ = {isa = PBXBuildFile; fileRef = A2C3FF852A18E71400231082 /* MainPageViewController.swift */; };
		A2C3FF892A18E71400231082 /* Main.storyboard in Resources */ = {isa = PBXBuildFile; fileRef = A2C3FF872A18E71400231082 /* Main.storyboard */; };
		A2C3FF8B2A18E71500231082 /* Assets.xcassets in Resources */ = {isa = PBXBuildFile; fileRef = A2C3FF8A2A18E71500231082 /* Assets.xcassets */; };
		A2C3FF8E2A18E71500231082 /* LaunchScreen.storyboard in Resources */ = {isa = PBXBuildFile; fileRef = A2C3FF8C2A18E71500231082 /* LaunchScreen.storyboard */; };
		A2D2E4532A6DB36E002E5467 /* GeneralViewController.swift in Sources */ = {isa = PBXBuildFile; fileRef = A2D2E4522A6DB36E002E5467 /* GeneralViewController.swift */; };
		A2D601B52A1E273E001E7EE3 /* PersonPageViewController.swift in Sources */ = {isa = PBXBuildFile; fileRef = A2D601B42A1E273E001E7EE3 /* PersonPageViewController.swift */; };
/* End PBXBuildFile section */

/* Begin PBXFileReference section */
		4715393BC1F23DBFC3610A29 /* Pods-MyOwnWorkout.debug.xcconfig */ = {isa = PBXFileReference; includeInIndex = 1; lastKnownFileType = text.xcconfig; name = "Pods-MyOwnWorkout.debug.xcconfig"; path = "Target Support Files/Pods-MyOwnWorkout/Pods-MyOwnWorkout.debug.xcconfig"; sourceTree = "<group>"; };
		5CE1C46B2A966704005C7ABC /* FirebaseNotification.swift */ = {isa = PBXFileReference; lastKnownFileType = sourcecode.swift; path = FirebaseNotification.swift; sourceTree = "<group>"; };
		5CE1C46D2A966D84005C7ABC /* GoogleService-Info.plist */ = {isa = PBXFileReference; fileEncoding = 4; lastKnownFileType = text.plist.xml; path = "GoogleService-Info.plist"; sourceTree = "<group>"; };
		A201C8802A2B5953006B1781 /* SchedulePageViewController.swift */ = {isa = PBXFileReference; lastKnownFileType = sourcecode.swift; path = SchedulePageViewController.swift; sourceTree = "<group>"; };
		A22BCDCC2A3713ED001071BE /* SMSCodeApprovePageViewController.swift */ = {isa = PBXFileReference; lastKnownFileType = sourcecode.swift; path = SMSCodeApprovePageViewController.swift; sourceTree = "<group>"; };
		A26E8F3C2A7507AD0054D495 /* FileManagerExtensions.swift */ = {isa = PBXFileReference; lastKnownFileType = sourcecode.swift; path = FileManagerExtensions.swift; sourceTree = "<group>"; };
		A26E8F3F2A7667430054D495 /* AuthModel.swift */ = {isa = PBXFileReference; lastKnownFileType = sourcecode.swift; path = AuthModel.swift; sourceTree = "<group>"; };
		A26E8F412A766ABB0054D495 /* Keychain.swift */ = {isa = PBXFileReference; lastKnownFileType = sourcecode.swift; path = Keychain.swift; sourceTree = "<group>"; };
		A275C9AB2A2B5CAF00B18420 /* FeedPageViewController.swift */ = {isa = PBXFileReference; lastKnownFileType = sourcecode.swift; path = FeedPageViewController.swift; sourceTree = "<group>"; };
		A275C9B12A2B70EB00B18420 /* EntryPageViewController.swift */ = {isa = PBXFileReference; lastKnownFileType = sourcecode.swift; path = EntryPageViewController.swift; sourceTree = "<group>"; };
		A275C9B32A2B70FE00B18420 /* RegistrationPageViewController.swift */ = {isa = PBXFileReference; lastKnownFileType = sourcecode.swift; path = RegistrationPageViewController.swift; sourceTree = "<group>"; };
		A28B7FB92A84F78600B20B5F /* SettingsPageViewController.swift */ = {isa = PBXFileReference; lastKnownFileType = sourcecode.swift; path = SettingsPageViewController.swift; sourceTree = "<group>"; };
		A28B7FBB2A84F85300B20B5F /* SettingsPagePresenter.swift */ = {isa = PBXFileReference; lastKnownFileType = sourcecode.swift; path = SettingsPagePresenter.swift; sourceTree = "<group>"; };
		A28B7FC12A87DC3400B20B5F /* AboutAppPageViewController.swift */ = {isa = PBXFileReference; lastKnownFileType = sourcecode.swift; path = AboutAppPageViewController.swift; sourceTree = "<group>"; };
		A28B7FC32A87DC9200B20B5F /* AboutAppPagePresenter.swift */ = {isa = PBXFileReference; lastKnownFileType = sourcecode.swift; path = AboutAppPagePresenter.swift; sourceTree = "<group>"; };
		A28B7FC92A87DF9A00B20B5F /* PersonalAccountPageViewController.swift */ = {isa = PBXFileReference; lastKnownFileType = sourcecode.swift; path = PersonalAccountPageViewController.swift; sourceTree = "<group>"; };
		A28B7FCB2A87E02B00B20B5F /* PersonalAccountPagePresenter.swift */ = {isa = PBXFileReference; lastKnownFileType = sourcecode.swift; path = PersonalAccountPagePresenter.swift; sourceTree = "<group>"; };
		A28B7FD22A87E42100B20B5F /* MyAchievmentsPageViewController.swift */ = {isa = PBXFileReference; lastKnownFileType = sourcecode.swift; path = MyAchievmentsPageViewController.swift; sourceTree = "<group>"; };
		A28B7FD42A87E49D00B20B5F /* MyAchievmentsPagePresenter.swift */ = {isa = PBXFileReference; lastKnownFileType = sourcecode.swift; path = MyAchievmentsPagePresenter.swift; sourceTree = "<group>"; };
		A28B7FDA2A88ABA800B20B5F /* MyExersisesPageViewController.swift */ = {isa = PBXFileReference; lastKnownFileType = sourcecode.swift; path = MyExersisesPageViewController.swift; sourceTree = "<group>"; };
		A28B7FDC2A88AC7200B20B5F /* MyExercisesPagePresenter.swift */ = {isa = PBXFileReference; lastKnownFileType = sourcecode.swift; path = MyExercisesPagePresenter.swift; sourceTree = "<group>"; };
		A28B7FE22A88B27800B20B5F /* MyWorkoutsPageViewController.swift */ = {isa = PBXFileReference; lastKnownFileType = sourcecode.swift; path = MyWorkoutsPageViewController.swift; sourceTree = "<group>"; };
		A28B7FE42A88B2D400B20B5F /* MyWorkoutsPagePresenter.swift */ = {isa = PBXFileReference; lastKnownFileType = sourcecode.swift; path = MyWorkoutsPagePresenter.swift; sourceTree = "<group>"; };
		A28B7FEA2A88B76400B20B5F /* TrainingProgramsViewController.swift */ = {isa = PBXFileReference; lastKnownFileType = sourcecode.swift; path = TrainingProgramsViewController.swift; sourceTree = "<group>"; };
		A28B7FEC2A88B7BE00B20B5F /* TrainingProgramsPresenter.swift */ = {isa = PBXFileReference; lastKnownFileType = sourcecode.swift; path = TrainingProgramsPresenter.swift; sourceTree = "<group>"; };
		A28B7FF22A8A4CDE00B20B5F /* PhoneNumberModel.swift */ = {isa = PBXFileReference; lastKnownFileType = sourcecode.swift; path = PhoneNumberModel.swift; sourceTree = "<group>"; };
		A2954F872A7E8B9C003947CF /* MainPagePresenter.swift */ = {isa = PBXFileReference; lastKnownFileType = sourcecode.swift; path = MainPagePresenter.swift; sourceTree = "<group>"; };
		A2954F892A7E9035003947CF /* SchedulePagePresenter.swift */ = {isa = PBXFileReference; lastKnownFileType = sourcecode.swift; path = SchedulePagePresenter.swift; sourceTree = "<group>"; };
		A2954F8B2A7E90AB003947CF /* FeedPagePresenter.swift */ = {isa = PBXFileReference; lastKnownFileType = sourcecode.swift; path = FeedPagePresenter.swift; sourceTree = "<group>"; };
		A2954F8D2A7E9127003947CF /* RegistrationPagePresenter.swift */ = {isa = PBXFileReference; lastKnownFileType = sourcecode.swift; path = RegistrationPagePresenter.swift; sourceTree = "<group>"; };
		A2954F8F2A7E994B003947CF /* EntryPagePresenter.swift */ = {isa = PBXFileReference; lastKnownFileType = sourcecode.swift; path = EntryPagePresenter.swift; sourceTree = "<group>"; };
		A2954F912A7E99B9003947CF /* SMSCodeApprovePagePresenter.swift */ = {isa = PBXFileReference; lastKnownFileType = sourcecode.swift; path = SMSCodeApprovePagePresenter.swift; sourceTree = "<group>"; };
		A2954F932A7E9A36003947CF /* PersonPagePresenter.swift */ = {isa = PBXFileReference; lastKnownFileType = sourcecode.swift; path = PersonPagePresenter.swift; sourceTree = "<group>"; };
		A29C7D8E2A6548C20065B255 /* DataBase.swift */ = {isa = PBXFileReference; lastKnownFileType = sourcecode.swift; path = DataBase.swift; sourceTree = "<group>"; };
		A2ACA93D2A3C72CA0028F9FD /* UIViewControllerExtensions.swift */ = {isa = PBXFileReference; lastKnownFileType = sourcecode.swift; path = UIViewControllerExtensions.swift; sourceTree = "<group>"; };
		A2ACA93F2A3C75650028F9FD /* StringExtensions.swift */ = {isa = PBXFileReference; lastKnownFileType = sourcecode.swift; path = StringExtensions.swift; sourceTree = "<group>"; };
		A2ACA9462A3F26E30028F9FD /* EyeButtonView.swift */ = {isa = PBXFileReference; lastKnownFileType = sourcecode.swift; path = EyeButtonView.swift; sourceTree = "<group>"; };
		A2C3FF7E2A18E71400231082 /* MyOwnWorkout.app */ = {isa = PBXFileReference; explicitFileType = wrapper.application; includeInIndex = 0; path = MyOwnWorkout.app; sourceTree = BUILT_PRODUCTS_DIR; };
		A2C3FF812A18E71400231082 /* AppDelegate.swift */ = {isa = PBXFileReference; lastKnownFileType = sourcecode.swift; path = AppDelegate.swift; sourceTree = "<group>"; };
		A2C3FF832A18E71400231082 /* SceneDelegate.swift */ = {isa = PBXFileReference; lastKnownFileType = sourcecode.swift; path = SceneDelegate.swift; sourceTree = "<group>"; };
		A2C3FF852A18E71400231082 /* MainPageViewController.swift */ = {isa = PBXFileReference; lastKnownFileType = sourcecode.swift; path = MainPageViewController.swift; sourceTree = "<group>"; };
		A2C3FF882A18E71400231082 /* Base */ = {isa = PBXFileReference; lastKnownFileType = file.storyboard; name = Base; path = Base.lproj/Main.storyboard; sourceTree = "<group>"; };
		A2C3FF8A2A18E71500231082 /* Assets.xcassets */ = {isa = PBXFileReference; lastKnownFileType = folder.assetcatalog; path = Assets.xcassets; sourceTree = "<group>"; };
		A2C3FF8D2A18E71500231082 /* Base */ = {isa = PBXFileReference; lastKnownFileType = file.storyboard; name = Base; path = Base.lproj/LaunchScreen.storyboard; sourceTree = "<group>"; };
		A2C3FF8F2A18E71500231082 /* Info.plist */ = {isa = PBXFileReference; lastKnownFileType = text.plist.xml; path = Info.plist; sourceTree = "<group>"; };
		A2D2E4522A6DB36E002E5467 /* GeneralViewController.swift */ = {isa = PBXFileReference; lastKnownFileType = sourcecode.swift; path = GeneralViewController.swift; sourceTree = "<group>"; };
		A2D601B42A1E273E001E7EE3 /* PersonPageViewController.swift */ = {isa = PBXFileReference; lastKnownFileType = sourcecode.swift; path = PersonPageViewController.swift; sourceTree = "<group>"; };
		D02E964DBBA9B317BD7ED8F9 /* Pods_MyOwnWorkout.framework */ = {isa = PBXFileReference; explicitFileType = wrapper.framework; includeInIndex = 0; path = Pods_MyOwnWorkout.framework; sourceTree = BUILT_PRODUCTS_DIR; };
		DADEABA13E3CA734CCE146E4 /* Pods-MyOwnWorkout.release.xcconfig */ = {isa = PBXFileReference; includeInIndex = 1; lastKnownFileType = text.xcconfig; name = "Pods-MyOwnWorkout.release.xcconfig"; path = "Target Support Files/Pods-MyOwnWorkout/Pods-MyOwnWorkout.release.xcconfig"; sourceTree = "<group>"; };
/* End PBXFileReference section */

/* Begin PBXFrameworksBuildPhase section */
		A2C3FF7B2A18E71400231082 /* Frameworks */ = {
			isa = PBXFrameworksBuildPhase;
			buildActionMask = 2147483647;
			files = (
				8707CB86FED4D64C709AF8C7 /* Pods_MyOwnWorkout.framework in Frameworks */,
			);
			runOnlyForDeploymentPostprocessing = 0;
		};
/* End PBXFrameworksBuildPhase section */

/* Begin PBXGroup section */
		411D87DF5451910C0EBF94B8 /* Frameworks */ = {
			isa = PBXGroup;
			children = (
				D02E964DBBA9B317BD7ED8F9 /* Pods_MyOwnWorkout.framework */,
			);
			name = Frameworks;
			sourceTree = "<group>";
		};
		57F67014B90C190501219E9C /* Pods */ = {
			isa = PBXGroup;
			children = (
				4715393BC1F23DBFC3610A29 /* Pods-MyOwnWorkout.debug.xcconfig */,
				DADEABA13E3CA734CCE146E4 /* Pods-MyOwnWorkout.release.xcconfig */,
			);
			path = Pods;
			sourceTree = "<group>";
		};
		A201C87F2A2B590D006B1781 /* SchedulePage */ = {
			isa = PBXGroup;
			children = (
				A25F8A312A7B93FD00C45AFB /* Model */,
				A25F8A322A7B940300C45AFB /* View */,
				A25F8A332A7B940800C45AFB /* Presenter */,
			);
			path = SchedulePage;
			sourceTree = "<group>";
		};
		A25F8A2C2A7B925D00C45AFB /* EntryPage */ = {
			isa = PBXGroup;
			children = (
				A25F8A3C2A7B945400C45AFB /* Model */,
				A25F8A3B2A7B945100C45AFB /* View */,
				A25F8A3A2A7B944B00C45AFB /* Presenter */,
			);
			path = EntryPage;
			sourceTree = "<group>";
		};
		A25F8A2D2A7B927200C45AFB /* SMSCodeApprovePage */ = {
			isa = PBXGroup;
			children = (
				A25F8A3F2A7B946600C45AFB /* Model */,
				A25F8A3E2A7B946200C45AFB /* View */,
				A25F8A3D2A7B945E00C45AFB /* Presenter */,
			);
			path = SMSCodeApprovePage;
			sourceTree = "<group>";
		};
		A25F8A2E2A7B92A100C45AFB /* Model */ = {
			isa = PBXGroup;
			children = (
			);
			path = Model;
			sourceTree = "<group>";
		};
		A25F8A2F2A7B92B300C45AFB /* View */ = {
			isa = PBXGroup;
			children = (
				A2C3FF852A18E71400231082 /* MainPageViewController.swift */,
			);
			path = View;
			sourceTree = "<group>";
		};
		A25F8A302A7B92CC00C45AFB /* Presenter */ = {
			isa = PBXGroup;
			children = (
				A2954F872A7E8B9C003947CF /* MainPagePresenter.swift */,
			);
			path = Presenter;
			sourceTree = "<group>";
		};
		A25F8A312A7B93FD00C45AFB /* Model */ = {
			isa = PBXGroup;
			children = (
			);
			path = Model;
			sourceTree = "<group>";
		};
		A25F8A322A7B940300C45AFB /* View */ = {
			isa = PBXGroup;
			children = (
				A201C8802A2B5953006B1781 /* SchedulePageViewController.swift */,
			);
			path = View;
			sourceTree = "<group>";
		};
		A25F8A332A7B940800C45AFB /* Presenter */ = {
			isa = PBXGroup;
			children = (
				A2954F892A7E9035003947CF /* SchedulePagePresenter.swift */,
			);
			path = Presenter;
			sourceTree = "<group>";
		};
		A25F8A342A7B941800C45AFB /* Presenter */ = {
			isa = PBXGroup;
			children = (
				A2954F8B2A7E90AB003947CF /* FeedPagePresenter.swift */,
			);
			path = Presenter;
			sourceTree = "<group>";
		};
		A25F8A352A7B942100C45AFB /* View */ = {
			isa = PBXGroup;
			children = (
				A275C9AB2A2B5CAF00B18420 /* FeedPageViewController.swift */,
			);
			path = View;
			sourceTree = "<group>";
		};
		A25F8A362A7B942500C45AFB /* Model */ = {
			isa = PBXGroup;
			children = (
			);
			path = Model;
			sourceTree = "<group>";
		};
		A25F8A372A7B943700C45AFB /* Presenter */ = {
			isa = PBXGroup;
			children = (
				A2954F8D2A7E9127003947CF /* RegistrationPagePresenter.swift */,
			);
			path = Presenter;
			sourceTree = "<group>";
		};
		A25F8A382A7B943D00C45AFB /* View */ = {
			isa = PBXGroup;
			children = (
				A275C9B32A2B70FE00B18420 /* RegistrationPageViewController.swift */,
			);
			path = View;
			sourceTree = "<group>";
		};
		A25F8A392A7B944300C45AFB /* Model */ = {
			isa = PBXGroup;
			children = (
			);
			path = Model;
			sourceTree = "<group>";
		};
		A25F8A3A2A7B944B00C45AFB /* Presenter */ = {
			isa = PBXGroup;
			children = (
				A2954F8F2A7E994B003947CF /* EntryPagePresenter.swift */,
			);
			path = Presenter;
			sourceTree = "<group>";
		};
		A25F8A3B2A7B945100C45AFB /* View */ = {
			isa = PBXGroup;
			children = (
				A275C9B12A2B70EB00B18420 /* EntryPageViewController.swift */,
			);
			path = View;
			sourceTree = "<group>";
		};
		A25F8A3C2A7B945400C45AFB /* Model */ = {
			isa = PBXGroup;
			children = (
			);
			path = Model;
			sourceTree = "<group>";
		};
		A25F8A3D2A7B945E00C45AFB /* Presenter */ = {
			isa = PBXGroup;
			children = (
				A2954F912A7E99B9003947CF /* SMSCodeApprovePagePresenter.swift */,
			);
			path = Presenter;
			sourceTree = "<group>";
		};
		A25F8A3E2A7B946200C45AFB /* View */ = {
			isa = PBXGroup;
			children = (
				A22BCDCC2A3713ED001071BE /* SMSCodeApprovePageViewController.swift */,
			);
			path = View;
			sourceTree = "<group>";
		};
		A25F8A3F2A7B946600C45AFB /* Model */ = {
			isa = PBXGroup;
			children = (
			);
			path = Model;
			sourceTree = "<group>";
		};
		A25F8A402A7B947000C45AFB /* Presenter */ = {
			isa = PBXGroup;
			children = (
				A2954F932A7E9A36003947CF /* PersonPagePresenter.swift */,
			);
			path = Presenter;
			sourceTree = "<group>";
		};
		A25F8A412A7B947E00C45AFB /* View */ = {
			isa = PBXGroup;
			children = (
				A2D601B42A1E273E001E7EE3 /* PersonPageViewController.swift */,
			);
			path = View;
			sourceTree = "<group>";
		};
		A25F8A422A7B948100C45AFB /* Model */ = {
			isa = PBXGroup;
			children = (
			);
			path = Model;
			sourceTree = "<group>";
		};
		A26E8F3E2A7666F50054D495 /* Views */ = {
			isa = PBXGroup;
			children = (
				A28B7FB42A83C55B00B20B5F /* Buttons */,
			);
			path = Views;
			sourceTree = "<group>";
		};
		A275C9AA2A2B5C6900B18420 /* FeedPage */ = {
			isa = PBXGroup;
			children = (
				A25F8A362A7B942500C45AFB /* Model */,
				A25F8A352A7B942100C45AFB /* View */,
				A25F8A342A7B941800C45AFB /* Presenter */,
			);
			path = FeedPage;
			sourceTree = "<group>";
		};
		A275C9AF2A2B70BA00B18420 /* PersonPage */ = {
			isa = PBXGroup;
			children = (
				A25F8A422A7B948100C45AFB /* Model */,
				A25F8A412A7B947E00C45AFB /* View */,
				A25F8A402A7B947000C45AFB /* Presenter */,
			);
			path = PersonPage;
			sourceTree = "<group>";
		};
		A275C9B02A2B70C800B18420 /* RegistrationPage */ = {
			isa = PBXGroup;
			children = (
				A25F8A392A7B944300C45AFB /* Model */,
				A25F8A382A7B943D00C45AFB /* View */,
				A25F8A372A7B943700C45AFB /* Presenter */,
			);
			path = RegistrationPage;
			sourceTree = "<group>";
		};
		A28B7FB42A83C55B00B20B5F /* Buttons */ = {
			isa = PBXGroup;
			children = (
				A2ACA9462A3F26E30028F9FD /* EyeButtonView.swift */,
			);
			path = Buttons;
			sourceTree = "<group>";
		};
		A28B7FB52A84F74800B20B5F /* SettingsPage */ = {
			isa = PBXGroup;
			children = (
				A28B7FB82A84F76900B20B5F /* Model */,
				A28B7FB72A84F76300B20B5F /* View */,
				A28B7FB62A84F75900B20B5F /* Presenter */,
			);
			path = SettingsPage;
			sourceTree = "<group>";
		};
		A28B7FB62A84F75900B20B5F /* Presenter */ = {
			isa = PBXGroup;
			children = (
				A28B7FBB2A84F85300B20B5F /* SettingsPagePresenter.swift */,
			);
			path = Presenter;
			sourceTree = "<group>";
		};
		A28B7FB72A84F76300B20B5F /* View */ = {
			isa = PBXGroup;
			children = (
				A28B7FB92A84F78600B20B5F /* SettingsPageViewController.swift */,
			);
			path = View;
			sourceTree = "<group>";
		};
		A28B7FB82A84F76900B20B5F /* Model */ = {
			isa = PBXGroup;
			children = (
			);
			path = Model;
			sourceTree = "<group>";
		};
		A28B7FBD2A87DBE700B20B5F /* AboutAppPage */ = {
			isa = PBXGroup;
			children = (
				A28B7FC02A87DC1C00B20B5F /* Model */,
				A28B7FBF2A87DC1700B20B5F /* View */,
				A28B7FBE2A87DC0300B20B5F /* Presenter */,
			);
			path = AboutAppPage;
			sourceTree = "<group>";
		};
		A28B7FBE2A87DC0300B20B5F /* Presenter */ = {
			isa = PBXGroup;
			children = (
				A28B7FC32A87DC9200B20B5F /* AboutAppPagePresenter.swift */,
			);
			path = Presenter;
			sourceTree = "<group>";
		};
		A28B7FBF2A87DC1700B20B5F /* View */ = {
			isa = PBXGroup;
			children = (
				A28B7FC12A87DC3400B20B5F /* AboutAppPageViewController.swift */,
			);
			path = View;
			sourceTree = "<group>";
		};
		A28B7FC02A87DC1C00B20B5F /* Model */ = {
			isa = PBXGroup;
			children = (
			);
			path = Model;
			sourceTree = "<group>";
		};
		A28B7FC52A87DF5E00B20B5F /* PersonalAccountPage */ = {
			isa = PBXGroup;
			children = (
				A28B7FC82A87DF8200B20B5F /* Model */,
				A28B7FC72A87DF7B00B20B5F /* View */,
				A28B7FC62A87DF7600B20B5F /* Presenter */,
			);
			path = PersonalAccountPage;
			sourceTree = "<group>";
		};
		A28B7FC62A87DF7600B20B5F /* Presenter */ = {
			isa = PBXGroup;
			children = (
				A28B7FCB2A87E02B00B20B5F /* PersonalAccountPagePresenter.swift */,
			);
			path = Presenter;
			sourceTree = "<group>";
		};
		A28B7FC72A87DF7B00B20B5F /* View */ = {
			isa = PBXGroup;
			children = (
				A28B7FC92A87DF9A00B20B5F /* PersonalAccountPageViewController.swift */,
			);
			path = View;
			sourceTree = "<group>";
		};
		A28B7FC82A87DF8200B20B5F /* Model */ = {
			isa = PBXGroup;
			children = (
			);
			path = Model;
			sourceTree = "<group>";
		};
		A28B7FCD2A87E3AE00B20B5F /* MyAchievmentsPage */ = {
			isa = PBXGroup;
			children = (
				A28B7FD02A87E3C100B20B5F /* Model */,
				A28B7FCF2A87E3BD00B20B5F /* View */,
				A28B7FCE2A87E3B500B20B5F /* Presenter */,
			);
			path = MyAchievmentsPage;
			sourceTree = "<group>";
		};
		A28B7FCE2A87E3B500B20B5F /* Presenter */ = {
			isa = PBXGroup;
			children = (
				A28B7FD42A87E49D00B20B5F /* MyAchievmentsPagePresenter.swift */,
			);
			path = Presenter;
			sourceTree = "<group>";
		};
		A28B7FCF2A87E3BD00B20B5F /* View */ = {
			isa = PBXGroup;
			children = (
				A28B7FD22A87E42100B20B5F /* MyAchievmentsPageViewController.swift */,
			);
			path = View;
			sourceTree = "<group>";
		};
		A28B7FD02A87E3C100B20B5F /* Model */ = {
			isa = PBXGroup;
			children = (
			);
			path = Model;
			sourceTree = "<group>";
		};
		A28B7FD62A88AB1D00B20B5F /* MyExercisesPage */ = {
			isa = PBXGroup;
			children = (
				A28B7FD92A88AB8400B20B5F /* Model */,
				A28B7FD82A88AB7C00B20B5F /* View */,
				A28B7FD72A88AB7100B20B5F /* Presenter */,
			);
			path = MyExercisesPage;
			sourceTree = "<group>";
		};
		A28B7FD72A88AB7100B20B5F /* Presenter */ = {
			isa = PBXGroup;
			children = (
				A28B7FDC2A88AC7200B20B5F /* MyExercisesPagePresenter.swift */,
			);
			path = Presenter;
			sourceTree = "<group>";
		};
		A28B7FD82A88AB7C00B20B5F /* View */ = {
			isa = PBXGroup;
			children = (
				A28B7FDA2A88ABA800B20B5F /* MyExersisesPageViewController.swift */,
			);
			path = View;
			sourceTree = "<group>";
		};
		A28B7FD92A88AB8400B20B5F /* Model */ = {
			isa = PBXGroup;
			children = (
			);
			path = Model;
			sourceTree = "<group>";
		};
		A28B7FDE2A88B23A00B20B5F /* MyWorkoutsPage */ = {
			isa = PBXGroup;
			children = (
				A28B7FE12A88B26500B20B5F /* Model */,
				A28B7FE02A88B25600B20B5F /* View */,
				A28B7FDF2A88B25000B20B5F /* Presenter */,
			);
			path = MyWorkoutsPage;
			sourceTree = "<group>";
		};
		A28B7FDF2A88B25000B20B5F /* Presenter */ = {
			isa = PBXGroup;
			children = (
				A28B7FE42A88B2D400B20B5F /* MyWorkoutsPagePresenter.swift */,
			);
			path = Presenter;
			sourceTree = "<group>";
		};
		A28B7FE02A88B25600B20B5F /* View */ = {
			isa = PBXGroup;
			children = (
				A28B7FE22A88B27800B20B5F /* MyWorkoutsPageViewController.swift */,
			);
			path = View;
			sourceTree = "<group>";
		};
		A28B7FE12A88B26500B20B5F /* Model */ = {
			isa = PBXGroup;
			children = (
			);
			path = Model;
			sourceTree = "<group>";
		};
		A28B7FE62A88B6A100B20B5F /* TrainingProgramsPage */ = {
			isa = PBXGroup;
			children = (
				A28B7FE92A88B72800B20B5F /* Model */,
				A28B7FE82A88B72500B20B5F /* View */,
				A28B7FE72A88B71B00B20B5F /* Presenter */,
			);
			path = TrainingProgramsPage;
			sourceTree = "<group>";
		};
		A28B7FE72A88B71B00B20B5F /* Presenter */ = {
			isa = PBXGroup;
			children = (
				A28B7FEC2A88B7BE00B20B5F /* TrainingProgramsPresenter.swift */,
			);
			path = Presenter;
			sourceTree = "<group>";
		};
		A28B7FE82A88B72500B20B5F /* View */ = {
			isa = PBXGroup;
			children = (
				A28B7FEA2A88B76400B20B5F /* TrainingProgramsViewController.swift */,
			);
			path = View;
			sourceTree = "<group>";
		};
		A28B7FE92A88B72800B20B5F /* Model */ = {
			isa = PBXGroup;
			children = (
			);
			path = Model;
			sourceTree = "<group>";
		};
		A29C7D8D2A6548AB0065B255 /* DataBase */ = {
			isa = PBXGroup;
			children = (
				A29C7D8E2A6548C20065B255 /* DataBase.swift */,
				A26E8F412A766ABB0054D495 /* Keychain.swift */,
			);
			path = DataBase;
			sourceTree = "<group>";
		};
		A2ACA9362A3C6DBC0028F9FD /* Extensions */ = {
			isa = PBXGroup;
			children = (
				A2ACA93D2A3C72CA0028F9FD /* UIViewControllerExtensions.swift */,
				A2ACA93F2A3C75650028F9FD /* StringExtensions.swift */,
				A26E8F3C2A7507AD0054D495 /* FileManagerExtensions.swift */,
			);
			path = Extensions;
			sourceTree = "<group>";
		};
		A2ACA9452A3F26C30028F9FD /* Models */ = {
			isa = PBXGroup;
			children = (
				A26E8F3F2A7667430054D495 /* AuthModel.swift */,
				A28B7FF22A8A4CDE00B20B5F /* PhoneNumberModel.swift */,
			);
			path = Models;
			sourceTree = "<group>";
		};
		A2C3FF752A18E71400231082 = {
			isa = PBXGroup;
			children = (
				A2C3FF802A18E71400231082 /* MyOwnWorkout */,
				A2C3FF7F2A18E71400231082 /* Products */,
				57F67014B90C190501219E9C /* Pods */,
				411D87DF5451910C0EBF94B8 /* Frameworks */,
			);
			sourceTree = "<group>";
		};
		A2C3FF7F2A18E71400231082 /* Products */ = {
			isa = PBXGroup;
			children = (
				A2C3FF7E2A18E71400231082 /* MyOwnWorkout.app */,
			);
			name = Products;
			sourceTree = "<group>";
		};
		A2C3FF802A18E71400231082 /* MyOwnWorkout */ = {
			isa = PBXGroup;
			children = (
				A29C7D8D2A6548AB0065B255 /* DataBase */,
				A2ACA9452A3F26C30028F9FD /* Models */,
				A26E8F3E2A7666F50054D495 /* Views */,
				A2D2E4512A6DB2AE002E5467 /* Controllers */,
				A2ACA9362A3C6DBC0028F9FD /* Extensions */,
				A2D2E44F2A6DB27A002E5467 /* Support */,
				A2D2E4502A6DB298002E5467 /* Storyboards */,
			);
			path = MyOwnWorkout;
			sourceTree = "<group>";
		};
		A2D2E44F2A6DB27A002E5467 /* Support */ = {
			isa = PBXGroup;
			children = (
				A2C3FF812A18E71400231082 /* AppDelegate.swift */,
				5CE1C46B2A966704005C7ABC /* FirebaseNotification.swift */,
				A2C3FF832A18E71400231082 /* SceneDelegate.swift */,
				A2D2E4522A6DB36E002E5467 /* GeneralViewController.swift */,
				A2C3FF8A2A18E71500231082 /* Assets.xcassets */,
				A2C3FF8F2A18E71500231082 /* Info.plist */,
				5CE1C46D2A966D84005C7ABC /* GoogleService-Info.plist */,
			);
			path = Support;
			sourceTree = "<group>";
		};
		A2D2E4502A6DB298002E5467 /* Storyboards */ = {
			isa = PBXGroup;
			children = (
				A2C3FF8C2A18E71500231082 /* LaunchScreen.storyboard */,
				A2C3FF872A18E71400231082 /* Main.storyboard */,
			);
			path = Storyboards;
			sourceTree = "<group>";
		};
		A2D2E4512A6DB2AE002E5467 /* Controllers */ = {
			isa = PBXGroup;
			children = (
				A2D601B62A1E29B4001E7EE3 /* MainPage */,
				A201C87F2A2B590D006B1781 /* SchedulePage */,
				A275C9AA2A2B5C6900B18420 /* FeedPage */,
				A275C9B02A2B70C800B18420 /* RegistrationPage */,
				A25F8A2C2A7B925D00C45AFB /* EntryPage */,
				A25F8A2D2A7B927200C45AFB /* SMSCodeApprovePage */,
				A275C9AF2A2B70BA00B18420 /* PersonPage */,
				A28B7FE62A88B6A100B20B5F /* TrainingProgramsPage */,
				A28B7FDE2A88B23A00B20B5F /* MyWorkoutsPage */,
				A28B7FD62A88AB1D00B20B5F /* MyExercisesPage */,
				A28B7FCD2A87E3AE00B20B5F /* MyAchievmentsPage */,
				A28B7FC52A87DF5E00B20B5F /* PersonalAccountPage */,
				A28B7FBD2A87DBE700B20B5F /* AboutAppPage */,
				A28B7FB52A84F74800B20B5F /* SettingsPage */,
			);
			path = Controllers;
			sourceTree = "<group>";
		};
		A2D601B62A1E29B4001E7EE3 /* MainPage */ = {
			isa = PBXGroup;
			children = (
				A25F8A2E2A7B92A100C45AFB /* Model */,
				A25F8A2F2A7B92B300C45AFB /* View */,
				A25F8A302A7B92CC00C45AFB /* Presenter */,
			);
			path = MainPage;
			sourceTree = "<group>";
		};
/* End PBXGroup section */

/* Begin PBXNativeTarget section */
		A2C3FF7D2A18E71400231082 /* MyOwnWorkout */ = {
			isa = PBXNativeTarget;
			buildConfigurationList = A2C3FF922A18E71500231082 /* Build configuration list for PBXNativeTarget "MyOwnWorkout" */;
			buildPhases = (
				F619EAC0F35E98C42ED162B2 /* [CP] Check Pods Manifest.lock */,
				A2C3FF7A2A18E71400231082 /* Sources */,
				A2C3FF7B2A18E71400231082 /* Frameworks */,
				A2C3FF7C2A18E71400231082 /* Resources */,
				1110B454CB3EE8DC2FB7E0B7 /* [CP] Embed Pods Frameworks */,
			);
			buildRules = (
			);
			dependencies = (
			);
			name = MyOwnWorkout;
			productName = MyOwnWorkout;
			productReference = A2C3FF7E2A18E71400231082 /* MyOwnWorkout.app */;
			productType = "com.apple.product-type.application";
		};
/* End PBXNativeTarget section */

/* Begin PBXProject section */
		A2C3FF762A18E71400231082 /* Project object */ = {
			isa = PBXProject;
			attributes = {
				BuildIndependentTargetsInParallel = 1;
				LastSwiftUpdateCheck = 1420;
				LastUpgradeCheck = 1420;
				TargetAttributes = {
					A2C3FF7D2A18E71400231082 = {
						CreatedOnToolsVersion = 14.2;
					};
				};
			};
			buildConfigurationList = A2C3FF792A18E71400231082 /* Build configuration list for PBXProject "MyOwnWorkout" */;
			compatibilityVersion = "Xcode 14.0";
			developmentRegion = en;
			hasScannedForEncodings = 0;
			knownRegions = (
				en,
				Base,
			);
			mainGroup = A2C3FF752A18E71400231082;
			productRefGroup = A2C3FF7F2A18E71400231082 /* Products */;
			projectDirPath = "";
			projectRoot = "";
			targets = (
				A2C3FF7D2A18E71400231082 /* MyOwnWorkout */,
			);
		};
/* End PBXProject section */

/* Begin PBXResourcesBuildPhase section */
		A2C3FF7C2A18E71400231082 /* Resources */ = {
			isa = PBXResourcesBuildPhase;
			buildActionMask = 2147483647;
			files = (
				A2C3FF8E2A18E71500231082 /* LaunchScreen.storyboard in Resources */,
				5CE1C46E2A966D84005C7ABC /* GoogleService-Info.plist in Resources */,
				A2C3FF8B2A18E71500231082 /* Assets.xcassets in Resources */,
				A2C3FF892A18E71400231082 /* Main.storyboard in Resources */,
			);
			runOnlyForDeploymentPostprocessing = 0;
		};
/* End PBXResourcesBuildPhase section */

/* Begin PBXShellScriptBuildPhase section */
		1110B454CB3EE8DC2FB7E0B7 /* [CP] Embed Pods Frameworks */ = {
			isa = PBXShellScriptBuildPhase;
			buildActionMask = 2147483647;
			files = (
			);
			inputFileListPaths = (
				"${PODS_ROOT}/Target Support Files/Pods-MyOwnWorkout/Pods-MyOwnWorkout-frameworks-${CONFIGURATION}-input-files.xcfilelist",
			);
			name = "[CP] Embed Pods Frameworks";
			outputFileListPaths = (
				"${PODS_ROOT}/Target Support Files/Pods-MyOwnWorkout/Pods-MyOwnWorkout-frameworks-${CONFIGURATION}-output-files.xcfilelist",
			);
			runOnlyForDeploymentPostprocessing = 0;
			shellPath = /bin/sh;
			shellScript = "\"${PODS_ROOT}/Target Support Files/Pods-MyOwnWorkout/Pods-MyOwnWorkout-frameworks.sh\"\n";
			showEnvVarsInLog = 0;
		};
		F619EAC0F35E98C42ED162B2 /* [CP] Check Pods Manifest.lock */ = {
			isa = PBXShellScriptBuildPhase;
			buildActionMask = 2147483647;
			files = (
			);
			inputFileListPaths = (
			);
			inputPaths = (
				"${PODS_PODFILE_DIR_PATH}/Podfile.lock",
				"${PODS_ROOT}/Manifest.lock",
			);
			name = "[CP] Check Pods Manifest.lock";
			outputFileListPaths = (
			);
			outputPaths = (
				"$(DERIVED_FILE_DIR)/Pods-MyOwnWorkout-checkManifestLockResult.txt",
			);
			runOnlyForDeploymentPostprocessing = 0;
			shellPath = /bin/sh;
			shellScript = "diff \"${PODS_PODFILE_DIR_PATH}/Podfile.lock\" \"${PODS_ROOT}/Manifest.lock\" > /dev/null\nif [ $? != 0 ] ; then\n    # print error to STDERR\n    echo \"error: The sandbox is not in sync with the Podfile.lock. Run 'pod install' or update your CocoaPods installation.\" >&2\n    exit 1\nfi\n# This output is used by Xcode 'outputs' to avoid re-running this script phase.\necho \"SUCCESS\" > \"${SCRIPT_OUTPUT_FILE_0}\"\n";
			showEnvVarsInLog = 0;
		};
/* End PBXShellScriptBuildPhase section */

/* Begin PBXSourcesBuildPhase section */
		A2C3FF7A2A18E71400231082 /* Sources */ = {
			isa = PBXSourcesBuildPhase;
			buildActionMask = 2147483647;
			files = (
				A201C8812A2B5953006B1781 /* SchedulePageViewController.swift in Sources */,
				A28B7FE52A88B2D400B20B5F /* MyWorkoutsPagePresenter.swift in Sources */,
				A28B7FDD2A88AC7200B20B5F /* MyExercisesPagePresenter.swift in Sources */,
				A2954F922A7E99B9003947CF /* SMSCodeApprovePagePresenter.swift in Sources */,
				A2D2E4532A6DB36E002E5467 /* GeneralViewController.swift in Sources */,
				A28B7FD32A87E42100B20B5F /* MyAchievmentsPageViewController.swift in Sources */,
				A2954F8E2A7E9127003947CF /* RegistrationPagePresenter.swift in Sources */,
				A275C9B22A2B70EB00B18420 /* EntryPageViewController.swift in Sources */,
				A2954F902A7E994B003947CF /* EntryPagePresenter.swift in Sources */,
				A28B7FED2A88B7BE00B20B5F /* TrainingProgramsPresenter.swift in Sources */,
				A29C7D8F2A6548C20065B255 /* DataBase.swift in Sources */,
				A2C3FF862A18E71400231082 /* MainPageViewController.swift in Sources */,
				A2954F942A7E9A36003947CF /* PersonPagePresenter.swift in Sources */,
				A2C3FF822A18E71400231082 /* AppDelegate.swift in Sources */,
				A28B7FBA2A84F78600B20B5F /* SettingsPageViewController.swift in Sources */,
				A2C3FF842A18E71400231082 /* SceneDelegate.swift in Sources */,
				A26E8F422A766ABB0054D495 /* Keychain.swift in Sources */,
				A275C9B42A2B70FE00B18420 /* RegistrationPageViewController.swift in Sources */,
				A28B7FDB2A88ABA800B20B5F /* MyExersisesPageViewController.swift in Sources */,
				A28B7FC22A87DC3400B20B5F /* AboutAppPageViewController.swift in Sources */,
				A26E8F3D2A7507AD0054D495 /* FileManagerExtensions.swift in Sources */,
				A2ACA9402A3C75650028F9FD /* StringExtensions.swift in Sources */,
				A28B7FCA2A87DF9A00B20B5F /* PersonalAccountPageViewController.swift in Sources */,
				A2954F8C2A7E90AB003947CF /* FeedPagePresenter.swift in Sources */,
				A28B7FCC2A87E02B00B20B5F /* PersonalAccountPagePresenter.swift in Sources */,
				A2ACA93E2A3C72CA0028F9FD /* UIViewControllerExtensions.swift in Sources */,
				A2954F882A7E8B9C003947CF /* MainPagePresenter.swift in Sources */,
				A2D601B52A1E273E001E7EE3 /* PersonPageViewController.swift in Sources */,
				A275C9AC2A2B5CAF00B18420 /* FeedPageViewController.swift in Sources */,
				5CE1C46C2A966704005C7ABC /* FirebaseNotification.swift in Sources */,
				A26E8F402A7667430054D495 /* AuthModel.swift in Sources */,
				A28B7FEB2A88B76400B20B5F /* TrainingProgramsViewController.swift in Sources */,
				A28B7FD52A87E49D00B20B5F /* MyAchievmentsPagePresenter.swift in Sources */,
				A28B7FBC2A84F85300B20B5F /* SettingsPagePresenter.swift in Sources */,
				A2ACA9472A3F26E30028F9FD /* EyeButtonView.swift in Sources */,
				A2954F8A2A7E9035003947CF /* SchedulePagePresenter.swift in Sources */,
				A28B7FE32A88B27800B20B5F /* MyWorkoutsPageViewController.swift in Sources */,
				A22BCDCD2A3713ED001071BE /* SMSCodeApprovePageViewController.swift in Sources */,
				A28B7FC42A87DC9200B20B5F /* AboutAppPagePresenter.swift in Sources */,
				A28B7FF32A8A4CDE00B20B5F /* PhoneNumberModel.swift in Sources */,
			);
			runOnlyForDeploymentPostprocessing = 0;
		};
/* End PBXSourcesBuildPhase section */

/* Begin PBXVariantGroup section */
		A2C3FF872A18E71400231082 /* Main.storyboard */ = {
			isa = PBXVariantGroup;
			children = (
				A2C3FF882A18E71400231082 /* Base */,
			);
			name = Main.storyboard;
			sourceTree = "<group>";
		};
		A2C3FF8C2A18E71500231082 /* LaunchScreen.storyboard */ = {
			isa = PBXVariantGroup;
			children = (
				A2C3FF8D2A18E71500231082 /* Base */,
			);
			name = LaunchScreen.storyboard;
			sourceTree = "<group>";
		};
/* End PBXVariantGroup section */

/* Begin XCBuildConfiguration section */
		A2C3FF902A18E71500231082 /* Debug */ = {
			isa = XCBuildConfiguration;
			buildSettings = {
				ALWAYS_SEARCH_USER_PATHS = NO;
				CLANG_ANALYZER_NONNULL = YES;
				CLANG_ANALYZER_NUMBER_OBJECT_CONVERSION = YES_AGGRESSIVE;
				CLANG_CXX_LANGUAGE_STANDARD = "gnu++20";
				CLANG_ENABLE_MODULES = YES;
				CLANG_ENABLE_OBJC_ARC = YES;
				CLANG_ENABLE_OBJC_WEAK = YES;
				CLANG_WARN_BLOCK_CAPTURE_AUTORELEASING = YES;
				CLANG_WARN_BOOL_CONVERSION = YES;
				CLANG_WARN_COMMA = YES;
				CLANG_WARN_CONSTANT_CONVERSION = YES;
				CLANG_WARN_DEPRECATED_OBJC_IMPLEMENTATIONS = YES;
				CLANG_WARN_DIRECT_OBJC_ISA_USAGE = YES_ERROR;
				CLANG_WARN_DOCUMENTATION_COMMENTS = YES;
				CLANG_WARN_EMPTY_BODY = YES;
				CLANG_WARN_ENUM_CONVERSION = YES;
				CLANG_WARN_INFINITE_RECURSION = YES;
				CLANG_WARN_INT_CONVERSION = YES;
				CLANG_WARN_NON_LITERAL_NULL_CONVERSION = YES;
				CLANG_WARN_OBJC_IMPLICIT_RETAIN_SELF = YES;
				CLANG_WARN_OBJC_LITERAL_CONVERSION = YES;
				CLANG_WARN_OBJC_ROOT_CLASS = YES_ERROR;
				CLANG_WARN_QUOTED_INCLUDE_IN_FRAMEWORK_HEADER = YES;
				CLANG_WARN_RANGE_LOOP_ANALYSIS = YES;
				CLANG_WARN_STRICT_PROTOTYPES = YES;
				CLANG_WARN_SUSPICIOUS_MOVE = YES;
				CLANG_WARN_UNGUARDED_AVAILABILITY = YES_AGGRESSIVE;
				CLANG_WARN_UNREACHABLE_CODE = YES;
				CLANG_WARN__DUPLICATE_METHOD_MATCH = YES;
				COPY_PHASE_STRIP = NO;
				DEBUG_INFORMATION_FORMAT = dwarf;
				ENABLE_STRICT_OBJC_MSGSEND = YES;
				ENABLE_TESTABILITY = YES;
				GCC_C_LANGUAGE_STANDARD = gnu11;
				GCC_DYNAMIC_NO_PIC = NO;
				GCC_NO_COMMON_BLOCKS = YES;
				GCC_OPTIMIZATION_LEVEL = 0;
				GCC_PREPROCESSOR_DEFINITIONS = (
					"DEBUG=1",
					"$(inherited)",
				);
				GCC_WARN_64_TO_32_BIT_CONVERSION = YES;
				GCC_WARN_ABOUT_RETURN_TYPE = YES_ERROR;
				GCC_WARN_UNDECLARED_SELECTOR = YES;
				GCC_WARN_UNINITIALIZED_AUTOS = YES_AGGRESSIVE;
				GCC_WARN_UNUSED_FUNCTION = YES;
				GCC_WARN_UNUSED_VARIABLE = YES;
				IPHONEOS_DEPLOYMENT_TARGET = 14.0;
				MTL_ENABLE_DEBUG_INFO = INCLUDE_SOURCE;
				MTL_FAST_MATH = YES;
				ONLY_ACTIVE_ARCH = YES;
				SDKROOT = iphoneos;
				SWIFT_ACTIVE_COMPILATION_CONDITIONS = DEBUG;
				SWIFT_OPTIMIZATION_LEVEL = "-Onone";
			};
			name = Debug;
		};
		A2C3FF912A18E71500231082 /* Release */ = {
			isa = XCBuildConfiguration;
			buildSettings = {
				ALWAYS_SEARCH_USER_PATHS = NO;
				CLANG_ANALYZER_NONNULL = YES;
				CLANG_ANALYZER_NUMBER_OBJECT_CONVERSION = YES_AGGRESSIVE;
				CLANG_CXX_LANGUAGE_STANDARD = "gnu++20";
				CLANG_ENABLE_MODULES = YES;
				CLANG_ENABLE_OBJC_ARC = YES;
				CLANG_ENABLE_OBJC_WEAK = YES;
				CLANG_WARN_BLOCK_CAPTURE_AUTORELEASING = YES;
				CLANG_WARN_BOOL_CONVERSION = YES;
				CLANG_WARN_COMMA = YES;
				CLANG_WARN_CONSTANT_CONVERSION = YES;
				CLANG_WARN_DEPRECATED_OBJC_IMPLEMENTATIONS = YES;
				CLANG_WARN_DIRECT_OBJC_ISA_USAGE = YES_ERROR;
				CLANG_WARN_DOCUMENTATION_COMMENTS = YES;
				CLANG_WARN_EMPTY_BODY = YES;
				CLANG_WARN_ENUM_CONVERSION = YES;
				CLANG_WARN_INFINITE_RECURSION = YES;
				CLANG_WARN_INT_CONVERSION = YES;
				CLANG_WARN_NON_LITERAL_NULL_CONVERSION = YES;
				CLANG_WARN_OBJC_IMPLICIT_RETAIN_SELF = YES;
				CLANG_WARN_OBJC_LITERAL_CONVERSION = YES;
				CLANG_WARN_OBJC_ROOT_CLASS = YES_ERROR;
				CLANG_WARN_QUOTED_INCLUDE_IN_FRAMEWORK_HEADER = YES;
				CLANG_WARN_RANGE_LOOP_ANALYSIS = YES;
				CLANG_WARN_STRICT_PROTOTYPES = YES;
				CLANG_WARN_SUSPICIOUS_MOVE = YES;
				CLANG_WARN_UNGUARDED_AVAILABILITY = YES_AGGRESSIVE;
				CLANG_WARN_UNREACHABLE_CODE = YES;
				CLANG_WARN__DUPLICATE_METHOD_MATCH = YES;
				COPY_PHASE_STRIP = NO;
				DEBUG_INFORMATION_FORMAT = "dwarf-with-dsym";
				ENABLE_NS_ASSERTIONS = NO;
				ENABLE_STRICT_OBJC_MSGSEND = YES;
				GCC_C_LANGUAGE_STANDARD = gnu11;
				GCC_NO_COMMON_BLOCKS = YES;
				GCC_WARN_64_TO_32_BIT_CONVERSION = YES;
				GCC_WARN_ABOUT_RETURN_TYPE = YES_ERROR;
				GCC_WARN_UNDECLARED_SELECTOR = YES;
				GCC_WARN_UNINITIALIZED_AUTOS = YES_AGGRESSIVE;
				GCC_WARN_UNUSED_FUNCTION = YES;
				GCC_WARN_UNUSED_VARIABLE = YES;
				IPHONEOS_DEPLOYMENT_TARGET = 14.0;
				MTL_ENABLE_DEBUG_INFO = NO;
				MTL_FAST_MATH = YES;
				SDKROOT = iphoneos;
				SWIFT_COMPILATION_MODE = wholemodule;
				SWIFT_OPTIMIZATION_LEVEL = "-O";
				VALIDATE_PRODUCT = YES;
			};
			name = Release;
		};
		A2C3FF932A18E71500231082 /* Debug */ = {
			isa = XCBuildConfiguration;
			baseConfigurationReference = 4715393BC1F23DBFC3610A29 /* Pods-MyOwnWorkout.debug.xcconfig */;
			buildSettings = {
				ASSETCATALOG_COMPILER_APPICON_NAME = AppIcon;
				ASSETCATALOG_COMPILER_GLOBAL_ACCENT_COLOR_NAME = AccentColor;
				CODE_SIGN_IDENTITY = "Apple Development";
				"CODE_SIGN_IDENTITY[sdk=iphoneos*]" = "iPhone Developer";
				CODE_SIGN_STYLE = Manual;
				CURRENT_PROJECT_VERSION = 1;
				DEVELOPMENT_TEAM = "";
				"DEVELOPMENT_TEAM[sdk=iphoneos*]" = 6GN2TT83FY;
				GENERATE_INFOPLIST_FILE = YES;
				INFOPLIST_FILE = MyOwnWorkout/Support/Info.plist;
				INFOPLIST_KEY_NSCameraUsageDescription = "Allow Camera";
				INFOPLIST_KEY_NSPhotoLibraryAddUsageDescription = "Allow Photos";
				INFOPLIST_KEY_UIApplicationSupportsIndirectInputEvents = YES;
				INFOPLIST_KEY_UILaunchStoryboardName = LaunchScreen;
				INFOPLIST_KEY_UIMainStoryboardFile = Main;
				INFOPLIST_KEY_UISupportedInterfaceOrientations_iPad = "UIInterfaceOrientationPortrait UIInterfaceOrientationPortraitUpsideDown UIInterfaceOrientationLandscapeLeft UIInterfaceOrientationLandscapeRight";
				INFOPLIST_KEY_UISupportedInterfaceOrientations_iPhone = "UIInterfaceOrientationPortrait UIInterfaceOrientationLandscapeLeft UIInterfaceOrientationLandscapeRight";
				IPHONEOS_DEPLOYMENT_TARGET = 14.0;
				LD_RUNPATH_SEARCH_PATHS = (
					"$(inherited)",
					"@executable_path/Frameworks",
				);
				MARKETING_VERSION = 1.0;
				PRODUCT_BUNDLE_IDENTIFIER = GN2TT83FY.com.radiantbald.MyOwnWorkout;
				PRODUCT_NAME = "$(TARGET_NAME)";
				PROVISIONING_PROFILE_SPECIFIER = "";
				"PROVISIONING_PROFILE_SPECIFIER[sdk=iphoneos*]" = "Almaz Profile";
				SWIFT_EMIT_LOC_STRINGS = YES;
				SWIFT_VERSION = 5.0;
				TARGETED_DEVICE_FAMILY = "1,2";
			};
			name = Debug;
		};
		A2C3FF942A18E71500231082 /* Release */ = {
			isa = XCBuildConfiguration;
			baseConfigurationReference = DADEABA13E3CA734CCE146E4 /* Pods-MyOwnWorkout.release.xcconfig */;
			buildSettings = {
				ASSETCATALOG_COMPILER_APPICON_NAME = AppIcon;
				ASSETCATALOG_COMPILER_GLOBAL_ACCENT_COLOR_NAME = AccentColor;
				CODE_SIGN_IDENTITY = "Apple Development";
				"CODE_SIGN_IDENTITY[sdk=iphoneos*]" = "iPhone Developer";
				CODE_SIGN_STYLE = Manual;
				CURRENT_PROJECT_VERSION = 1;
				DEVELOPMENT_TEAM = "";
				"DEVELOPMENT_TEAM[sdk=iphoneos*]" = 6GN2TT83FY;
				GENERATE_INFOPLIST_FILE = YES;
				INFOPLIST_FILE = MyOwnWorkout/Support/Info.plist;
				INFOPLIST_KEY_NSCameraUsageDescription = "Allow Camera";
				INFOPLIST_KEY_NSPhotoLibraryAddUsageDescription = "Allow Photos";
				INFOPLIST_KEY_UIApplicationSupportsIndirectInputEvents = YES;
				INFOPLIST_KEY_UILaunchStoryboardName = LaunchScreen;
				INFOPLIST_KEY_UIMainStoryboardFile = Main;
				INFOPLIST_KEY_UISupportedInterfaceOrientations_iPad = "UIInterfaceOrientationPortrait UIInterfaceOrientationPortraitUpsideDown UIInterfaceOrientationLandscapeLeft UIInterfaceOrientationLandscapeRight";
				INFOPLIST_KEY_UISupportedInterfaceOrientations_iPhone = "UIInterfaceOrientationPortrait UIInterfaceOrientationLandscapeLeft UIInterfaceOrientationLandscapeRight";
				IPHONEOS_DEPLOYMENT_TARGET = 14.0;
				LD_RUNPATH_SEARCH_PATHS = (
					"$(inherited)",
					"@executable_path/Frameworks",
				);
				MARKETING_VERSION = 1.0;
				PRODUCT_BUNDLE_IDENTIFIER = GN2TT83FY.com.radiantbald.MyOwnWorkout;
				PRODUCT_NAME = "$(TARGET_NAME)";
				PROVISIONING_PROFILE_SPECIFIER = "";
				"PROVISIONING_PROFILE_SPECIFIER[sdk=iphoneos*]" = "Almaz Profile";
				SWIFT_EMIT_LOC_STRINGS = YES;
				SWIFT_VERSION = 5.0;
				TARGETED_DEVICE_FAMILY = "1,2";
			};
			name = Release;
		};
/* End XCBuildConfiguration section */

/* Begin XCConfigurationList section */
		A2C3FF792A18E71400231082 /* Build configuration list for PBXProject "MyOwnWorkout" */ = {
			isa = XCConfigurationList;
			buildConfigurations = (
				A2C3FF902A18E71500231082 /* Debug */,
				A2C3FF912A18E71500231082 /* Release */,
			);
			defaultConfigurationIsVisible = 0;
			defaultConfigurationName = Release;
		};
		A2C3FF922A18E71500231082 /* Build configuration list for PBXNativeTarget "MyOwnWorkout" */ = {
			isa = XCConfigurationList;
			buildConfigurations = (
				A2C3FF932A18E71500231082 /* Debug */,
				A2C3FF942A18E71500231082 /* Release */,
			);
			defaultConfigurationIsVisible = 0;
			defaultConfigurationName = Release;
		};
/* End XCConfigurationList section */
	};
	rootObject = A2C3FF762A18E71400231082 /* Project object */;
}
