// !$*UTF8*$!
{
	archiveVersion = 1;
	classes = {
	};
	objectVersion = 56;
	objects = {

/* Begin PBXBuildFile section */
		5C70897F2A5F02C2009A9826 /* DataBase.swift in Sources */ = {isa = PBXBuildFile; fileRef = 5C70897E2A5F02C2009A9826 /* DataBase.swift */; };
		A201C8812A2B5953006B1781 /* SchedulePageViewController.swift in Sources */ = {isa = PBXBuildFile; fileRef = A201C8802A2B5953006B1781 /* SchedulePageViewController.swift */; };
		A22BCDCD2A3713ED001071BE /* RegistrationApprovePageViewController.swift in Sources */ = {isa = PBXBuildFile; fileRef = A22BCDCC2A3713ED001071BE /* RegistrationApprovePageViewController.swift */; };
		A275C9AC2A2B5CAF00B18420 /* FeedPageViewController.swift in Sources */ = {isa = PBXBuildFile; fileRef = A275C9AB2A2B5CAF00B18420 /* FeedPageViewController.swift */; };
		A275C9AE2A2B686F00B18420 /* GoogleService-Info.plist in Resources */ = {isa = PBXBuildFile; fileRef = A275C9AD2A2B686F00B18420 /* GoogleService-Info.plist */; };
		A275C9B22A2B70EB00B18420 /* EntryPageViewController.swift in Sources */ = {isa = PBXBuildFile; fileRef = A275C9B12A2B70EB00B18420 /* EntryPageViewController.swift */; };
		A275C9B42A2B70FE00B18420 /* RegistrationPageViewController.swift in Sources */ = {isa = PBXBuildFile; fileRef = A275C9B32A2B70FE00B18420 /* RegistrationPageViewController.swift */; };
		A2ACA93E2A3C72CA0028F9FD /* UIViewControllerExtensions.swift in Sources */ = {isa = PBXBuildFile; fileRef = A2ACA93D2A3C72CA0028F9FD /* UIViewControllerExtensions.swift */; };
		A2ACA9402A3C75650028F9FD /* StringExtensions.swift in Sources */ = {isa = PBXBuildFile; fileRef = A2ACA93F2A3C75650028F9FD /* StringExtensions.swift */; };
		A2ACA9472A3F26E30028F9FD /* EyeButton.swift in Sources */ = {isa = PBXBuildFile; fileRef = A2ACA9462A3F26E30028F9FD /* EyeButton.swift */; };
		A2C3FF822A18E71400231082 /* AppDelegate.swift in Sources */ = {isa = PBXBuildFile; fileRef = A2C3FF812A18E71400231082 /* AppDelegate.swift */; };
		A2C3FF842A18E71400231082 /* SceneDelegate.swift in Sources */ = {isa = PBXBuildFile; fileRef = A2C3FF832A18E71400231082 /* SceneDelegate.swift */; };
		A2C3FF862A18E71400231082 /* MainPageViewController.swift in Sources */ = {isa = PBXBuildFile; fileRef = A2C3FF852A18E71400231082 /* MainPageViewController.swift */; };
		A2C3FF892A18E71400231082 /* Main.storyboard in Resources */ = {isa = PBXBuildFile; fileRef = A2C3FF872A18E71400231082 /* Main.storyboard */; };
		A2C3FF8B2A18E71500231082 /* Assets.xcassets in Resources */ = {isa = PBXBuildFile; fileRef = A2C3FF8A2A18E71500231082 /* Assets.xcassets */; };
		A2C3FF8E2A18E71500231082 /* LaunchScreen.storyboard in Resources */ = {isa = PBXBuildFile; fileRef = A2C3FF8C2A18E71500231082 /* LaunchScreen.storyboard */; };
		A2D601B52A1E273E001E7EE3 /* PersonPageViewController.swift in Sources */ = {isa = PBXBuildFile; fileRef = A2D601B42A1E273E001E7EE3 /* PersonPageViewController.swift */; };
/* End PBXBuildFile section */

/* Begin PBXFileReference section */
		5C70897E2A5F02C2009A9826 /* DataBase.swift */ = {isa = PBXFileReference; lastKnownFileType = sourcecode.swift; path = DataBase.swift; sourceTree = "<group>"; };
		A201C8802A2B5953006B1781 /* SchedulePageViewController.swift */ = {isa = PBXFileReference; lastKnownFileType = sourcecode.swift; path = SchedulePageViewController.swift; sourceTree = "<group>"; };
		A22BCDCC2A3713ED001071BE /* RegistrationApprovePageViewController.swift */ = {isa = PBXFileReference; lastKnownFileType = sourcecode.swift; path = RegistrationApprovePageViewController.swift; sourceTree = "<group>"; };
		A275C9AB2A2B5CAF00B18420 /* FeedPageViewController.swift */ = {isa = PBXFileReference; lastKnownFileType = sourcecode.swift; path = FeedPageViewController.swift; sourceTree = "<group>"; };
		A275C9AD2A2B686F00B18420 /* GoogleService-Info.plist */ = {isa = PBXFileReference; fileEncoding = 4; lastKnownFileType = text.plist.xml; path = "GoogleService-Info.plist"; sourceTree = "<group>"; };
		A275C9B12A2B70EB00B18420 /* EntryPageViewController.swift */ = {isa = PBXFileReference; lastKnownFileType = sourcecode.swift; path = EntryPageViewController.swift; sourceTree = "<group>"; };
		A275C9B32A2B70FE00B18420 /* RegistrationPageViewController.swift */ = {isa = PBXFileReference; lastKnownFileType = sourcecode.swift; path = RegistrationPageViewController.swift; sourceTree = "<group>"; };
		A2ACA93D2A3C72CA0028F9FD /* UIViewControllerExtensions.swift */ = {isa = PBXFileReference; lastKnownFileType = sourcecode.swift; path = UIViewControllerExtensions.swift; sourceTree = "<group>"; };
		A2ACA93F2A3C75650028F9FD /* StringExtensions.swift */ = {isa = PBXFileReference; lastKnownFileType = sourcecode.swift; path = StringExtensions.swift; sourceTree = "<group>"; };
		A2ACA9462A3F26E30028F9FD /* EyeButton.swift */ = {isa = PBXFileReference; lastKnownFileType = sourcecode.swift; path = EyeButton.swift; sourceTree = "<group>"; };
		A2C3FF7E2A18E71400231082 /* MyOwnWorkout.app */ = {isa = PBXFileReference; explicitFileType = wrapper.application; includeInIndex = 0; path = MyOwnWorkout.app; sourceTree = BUILT_PRODUCTS_DIR; };
		A2C3FF812A18E71400231082 /* AppDelegate.swift */ = {isa = PBXFileReference; lastKnownFileType = sourcecode.swift; path = AppDelegate.swift; sourceTree = "<group>"; };
		A2C3FF832A18E71400231082 /* SceneDelegate.swift */ = {isa = PBXFileReference; lastKnownFileType = sourcecode.swift; path = SceneDelegate.swift; sourceTree = "<group>"; };
		A2C3FF852A18E71400231082 /* MainPageViewController.swift */ = {isa = PBXFileReference; lastKnownFileType = sourcecode.swift; path = MainPageViewController.swift; sourceTree = "<group>"; };
		A2C3FF882A18E71400231082 /* Base */ = {isa = PBXFileReference; lastKnownFileType = file.storyboard; name = Base; path = Base.lproj/Main.storyboard; sourceTree = "<group>"; };
		A2C3FF8A2A18E71500231082 /* Assets.xcassets */ = {isa = PBXFileReference; lastKnownFileType = folder.assetcatalog; path = Assets.xcassets; sourceTree = "<group>"; };
		A2C3FF8D2A18E71500231082 /* Base */ = {isa = PBXFileReference; lastKnownFileType = file.storyboard; name = Base; path = Base.lproj/LaunchScreen.storyboard; sourceTree = "<group>"; };
		A2C3FF8F2A18E71500231082 /* Info.plist */ = {isa = PBXFileReference; lastKnownFileType = text.plist.xml; path = Info.plist; sourceTree = "<group>"; };
		A2D601B42A1E273E001E7EE3 /* PersonPageViewController.swift */ = {isa = PBXFileReference; lastKnownFileType = sourcecode.swift; path = PersonPageViewController.swift; sourceTree = "<group>"; };
/* End PBXFileReference section */

/* Begin PBXFrameworksBuildPhase section */
		A2C3FF7B2A18E71400231082 /* Frameworks */ = {
			isa = PBXFrameworksBuildPhase;
			buildActionMask = 2147483647;
			files = (
			);
			runOnlyForDeploymentPostprocessing = 0;
		};
/* End PBXFrameworksBuildPhase section */

/* Begin PBXGroup section */
		5C70897D2A5F0295009A9826 /* DataBase */ = {
			isa = PBXGroup;
			children = (
				5C70897E2A5F02C2009A9826 /* DataBase.swift */,
			);
			path = DataBase;
			sourceTree = "<group>";
		};
		A201C87F2A2B590D006B1781 /* SchedulePage */ = {
			isa = PBXGroup;
			children = (
				A201C8802A2B5953006B1781 /* SchedulePageViewController.swift */,
			);
			path = SchedulePage;
			sourceTree = "<group>";
		};
		A275C9AA2A2B5C6900B18420 /* FeedPage */ = {
			isa = PBXGroup;
			children = (
				A275C9AB2A2B5CAF00B18420 /* FeedPageViewController.swift */,
			);
			path = FeedPage;
			sourceTree = "<group>";
		};
		A275C9AF2A2B70BA00B18420 /* PersonPage */ = {
			isa = PBXGroup;
			children = (
				A2D601B42A1E273E001E7EE3 /* PersonPageViewController.swift */,
			);
			path = PersonPage;
			sourceTree = "<group>";
		};
		A275C9B02A2B70C800B18420 /* AuthPage */ = {
			isa = PBXGroup;
			children = (
				A275C9B32A2B70FE00B18420 /* RegistrationPageViewController.swift */,
				A22BCDCC2A3713ED001071BE /* RegistrationApprovePageViewController.swift */,
				A275C9B12A2B70EB00B18420 /* EntryPageViewController.swift */,
			);
			path = AuthPage;
			sourceTree = "<group>";
		};
		A2ACA9362A3C6DBC0028F9FD /* Extensions */ = {
			isa = PBXGroup;
			children = (
				A2ACA93D2A3C72CA0028F9FD /* UIViewControllerExtensions.swift */,
				A2ACA93F2A3C75650028F9FD /* StringExtensions.swift */,
			);
			path = Extensions;
			sourceTree = "<group>";
		};
		A2ACA9452A3F26C30028F9FD /* Models */ = {
			isa = PBXGroup;
			children = (
				A2ACA9462A3F26E30028F9FD /* EyeButton.swift */,
			);
			path = Models;
			sourceTree = "<group>";
		};
		A2C3FF752A18E71400231082 = {
			isa = PBXGroup;
			children = (
				A2C3FF802A18E71400231082 /* MyOwnWorkout */,
				A2C3FF7F2A18E71400231082 /* Products */,
			);
			sourceTree = "<group>";
		};
		A2C3FF7F2A18E71400231082 /* Products */ = {
			isa = PBXGroup;
			children = (
				A2C3FF7E2A18E71400231082 /* MyOwnWorkout.app */,
			);
			name = Products;
			sourceTree = "<group>";
		};
		A2C3FF802A18E71400231082 /* MyOwnWorkout */ = {
			isa = PBXGroup;
			children = (
				5C70897D2A5F0295009A9826 /* DataBase */,
				A2C3FF812A18E71400231082 /* AppDelegate.swift */,
				A2C3FF832A18E71400231082 /* SceneDelegate.swift */,
				A2ACA9452A3F26C30028F9FD /* Models */,
				A2ACA9362A3C6DBC0028F9FD /* Extensions */,
				A2D601B62A1E29B4001E7EE3 /* MainPage */,
				A201C87F2A2B590D006B1781 /* SchedulePage */,
				A275C9AA2A2B5C6900B18420 /* FeedPage */,
				A275C9B02A2B70C800B18420 /* AuthPage */,
				A275C9AF2A2B70BA00B18420 /* PersonPage */,
				A2C3FF872A18E71400231082 /* Main.storyboard */,
				A2C3FF8A2A18E71500231082 /* Assets.xcassets */,
				A2C3FF8C2A18E71500231082 /* LaunchScreen.storyboard */,
				A2C3FF8F2A18E71500231082 /* Info.plist */,
				A275C9AD2A2B686F00B18420 /* GoogleService-Info.plist */,
			);
			path = MyOwnWorkout;
			sourceTree = "<group>";
		};
		A2D601B62A1E29B4001E7EE3 /* MainPage */ = {
			isa = PBXGroup;
			children = (
				A2C3FF852A18E71400231082 /* MainPageViewController.swift */,
			);
			path = MainPage;
			sourceTree = "<group>";
		};
/* End PBXGroup section */

/* Begin PBXNativeTarget section */
		A2C3FF7D2A18E71400231082 /* MyOwnWorkout */ = {
			isa = PBXNativeTarget;
			buildConfigurationList = A2C3FF922A18E71500231082 /* Build configuration list for PBXNativeTarget "MyOwnWorkout" */;
			buildPhases = (
				A2C3FF7A2A18E71400231082 /* Sources */,
				A2C3FF7B2A18E71400231082 /* Frameworks */,
				A2C3FF7C2A18E71400231082 /* Resources */,
			);
			buildRules = (
			);
			dependencies = (
			);
			name = MyOwnWorkout;
			productName = MyOwnWorkout;
			productReference = A2C3FF7E2A18E71400231082 /* MyOwnWorkout.app */;
			productType = "com.apple.product-type.application";
		};
/* End PBXNativeTarget section */

/* Begin PBXProject section */
		A2C3FF762A18E71400231082 /* Project object */ = {
			isa = PBXProject;
			attributes = {
				BuildIndependentTargetsInParallel = 1;
				LastSwiftUpdateCheck = 1420;
				LastUpgradeCheck = 1420;
				TargetAttributes = {
					A2C3FF7D2A18E71400231082 = {
						CreatedOnToolsVersion = 14.2;
					};
				};
			};
			buildConfigurationList = A2C3FF792A18E71400231082 /* Build configuration list for PBXProject "MyOwnWorkout" */;
			compatibilityVersion = "Xcode 14.0";
			developmentRegion = en;
			hasScannedForEncodings = 0;
			knownRegions = (
				en,
				Base,
			);
			mainGroup = A2C3FF752A18E71400231082;
			productRefGroup = A2C3FF7F2A18E71400231082 /* Products */;
			projectDirPath = "";
			projectRoot = "";
			targets = (
				A2C3FF7D2A18E71400231082 /* MyOwnWorkout */,
			);
		};
/* End PBXProject section */

/* Begin PBXResourcesBuildPhase section */
		A2C3FF7C2A18E71400231082 /* Resources */ = {
			isa = PBXResourcesBuildPhase;
			buildActionMask = 2147483647;
			files = (
				A2C3FF8E2A18E71500231082 /* LaunchScreen.storyboard in Resources */,
				A275C9AE2A2B686F00B18420 /* GoogleService-Info.plist in Resources */,
				A2C3FF8B2A18E71500231082 /* Assets.xcassets in Resources */,
				A2C3FF892A18E71400231082 /* Main.storyboard in Resources */,
			);
			runOnlyForDeploymentPostprocessing = 0;
		};
/* End PBXResourcesBuildPhase section */

/* Begin PBXSourcesBuildPhase section */
		A2C3FF7A2A18E71400231082 /* Sources */ = {
			isa = PBXSourcesBuildPhase;
			buildActionMask = 2147483647;
			files = (
				A201C8812A2B5953006B1781 /* SchedulePageViewController.swift in Sources */,
				A275C9B22A2B70EB00B18420 /* EntryPageViewController.swift in Sources */,
				5C70897F2A5F02C2009A9826 /* DataBase.swift in Sources */,
				A2C3FF862A18E71400231082 /* MainPageViewController.swift in Sources */,
				A2C3FF822A18E71400231082 /* AppDelegate.swift in Sources */,
				A2C3FF842A18E71400231082 /* SceneDelegate.swift in Sources */,
				A275C9B42A2B70FE00B18420 /* RegistrationPageViewController.swift in Sources */,
				A2ACA9402A3C75650028F9FD /* StringExtensions.swift in Sources */,
				A2ACA93E2A3C72CA0028F9FD /* UIViewControllerExtensions.swift in Sources */,
				A2D601B52A1E273E001E7EE3 /* PersonPageViewController.swift in Sources */,
				A275C9AC2A2B5CAF00B18420 /* FeedPageViewController.swift in Sources */,
				A2ACA9472A3F26E30028F9FD /* EyeButton.swift in Sources */,
				A22BCDCD2A3713ED001071BE /* RegistrationApprovePageViewController.swift in Sources */,
			);
			runOnlyForDeploymentPostprocessing = 0;
		};
/* End PBXSourcesBuildPhase section */

/* Begin PBXVariantGroup section */
		A2C3FF872A18E71400231082 /* Main.storyboard */ = {
			isa = PBXVariantGroup;
			children = (
				A2C3FF882A18E71400231082 /* Base */,
			);
			name = Main.storyboard;
			sourceTree = "<group>";
		};
		A2C3FF8C2A18E71500231082 /* LaunchScreen.storyboard */ = {
			isa = PBXVariantGroup;
			children = (
				A2C3FF8D2A18E71500231082 /* Base */,
			);
			name = LaunchScreen.storyboard;
			sourceTree = "<group>";
		};
/* End PBXVariantGroup section */

/* Begin XCBuildConfiguration section */
		A2C3FF902A18E71500231082 /* Debug */ = {
			isa = XCBuildConfiguration;
			buildSettings = {
				ALWAYS_SEARCH_USER_PATHS = NO;
				CLANG_ANALYZER_NONNULL = YES;
				CLANG_ANALYZER_NUMBER_OBJECT_CONVERSION = YES_AGGRESSIVE;
				CLANG_CXX_LANGUAGE_STANDARD = "gnu++20";
				CLANG_ENABLE_MODULES = YES;
				CLANG_ENABLE_OBJC_ARC = YES;
				CLANG_ENABLE_OBJC_WEAK = YES;
				CLANG_WARN_BLOCK_CAPTURE_AUTORELEASING = YES;
				CLANG_WARN_BOOL_CONVERSION = YES;
				CLANG_WARN_COMMA = YES;
				CLANG_WARN_CONSTANT_CONVERSION = YES;
				CLANG_WARN_DEPRECATED_OBJC_IMPLEMENTATIONS = YES;
				CLANG_WARN_DIRECT_OBJC_ISA_USAGE = YES_ERROR;
				CLANG_WARN_DOCUMENTATION_COMMENTS = YES;
				CLANG_WARN_EMPTY_BODY = YES;
				CLANG_WARN_ENUM_CONVERSION = YES;
				CLANG_WARN_INFINITE_RECURSION = YES;
				CLANG_WARN_INT_CONVERSION = YES;
				CLANG_WARN_NON_LITERAL_NULL_CONVERSION = YES;
				CLANG_WARN_OBJC_IMPLICIT_RETAIN_SELF = YES;
				CLANG_WARN_OBJC_LITERAL_CONVERSION = YES;
				CLANG_WARN_OBJC_ROOT_CLASS = YES_ERROR;
				CLANG_WARN_QUOTED_INCLUDE_IN_FRAMEWORK_HEADER = YES;
				CLANG_WARN_RANGE_LOOP_ANALYSIS = YES;
				CLANG_WARN_STRICT_PROTOTYPES = YES;
				CLANG_WARN_SUSPICIOUS_MOVE = YES;
				CLANG_WARN_UNGUARDED_AVAILABILITY = YES_AGGRESSIVE;
				CLANG_WARN_UNREACHABLE_CODE = YES;
				CLANG_WARN__DUPLICATE_METHOD_MATCH = YES;
				COPY_PHASE_STRIP = NO;
				DEBUG_INFORMATION_FORMAT = dwarf;
				ENABLE_STRICT_OBJC_MSGSEND = YES;
				ENABLE_TESTABILITY = YES;
				GCC_C_LANGUAGE_STANDARD = gnu11;
				GCC_DYNAMIC_NO_PIC = NO;
				GCC_NO_COMMON_BLOCKS = YES;
				GCC_OPTIMIZATION_LEVEL = 0;
				GCC_PREPROCESSOR_DEFINITIONS = (
					"DEBUG=1",
					"$(inherited)",
				);
				GCC_WARN_64_TO_32_BIT_CONVERSION = YES;
				GCC_WARN_ABOUT_RETURN_TYPE = YES_ERROR;
				GCC_WARN_UNDECLARED_SELECTOR = YES;
				GCC_WARN_UNINITIALIZED_AUTOS = YES_AGGRESSIVE;
				GCC_WARN_UNUSED_FUNCTION = YES;
				GCC_WARN_UNUSED_VARIABLE = YES;
				IPHONEOS_DEPLOYMENT_TARGET = 13.0;
				MTL_ENABLE_DEBUG_INFO = INCLUDE_SOURCE;
				MTL_FAST_MATH = YES;
				ONLY_ACTIVE_ARCH = YES;
				SDKROOT = iphoneos;
				SWIFT_ACTIVE_COMPILATION_CONDITIONS = DEBUG;
				SWIFT_OPTIMIZATION_LEVEL = "-Onone";
			};
			name = Debug;
		};
		A2C3FF912A18E71500231082 /* Release */ = {
			isa = XCBuildConfiguration;
			buildSettings = {
				ALWAYS_SEARCH_USER_PATHS = NO;
				CLANG_ANALYZER_NONNULL = YES;
				CLANG_ANALYZER_NUMBER_OBJECT_CONVERSION = YES_AGGRESSIVE;
				CLANG_CXX_LANGUAGE_STANDARD = "gnu++20";
				CLANG_ENABLE_MODULES = YES;
				CLANG_ENABLE_OBJC_ARC = YES;
				CLANG_ENABLE_OBJC_WEAK = YES;
				CLANG_WARN_BLOCK_CAPTURE_AUTORELEASING = YES;
				CLANG_WARN_BOOL_CONVERSION = YES;
				CLANG_WARN_COMMA = YES;
				CLANG_WARN_CONSTANT_CONVERSION = YES;
				CLANG_WARN_DEPRECATED_OBJC_IMPLEMENTATIONS = YES;
				CLANG_WARN_DIRECT_OBJC_ISA_USAGE = YES_ERROR;
				CLANG_WARN_DOCUMENTATION_COMMENTS = YES;
				CLANG_WARN_EMPTY_BODY = YES;
				CLANG_WARN_ENUM_CONVERSION = YES;
				CLANG_WARN_INFINITE_RECURSION = YES;
				CLANG_WARN_INT_CONVERSION = YES;
				CLANG_WARN_NON_LITERAL_NULL_CONVERSION = YES;
				CLANG_WARN_OBJC_IMPLICIT_RETAIN_SELF = YES;
				CLANG_WARN_OBJC_LITERAL_CONVERSION = YES;
				CLANG_WARN_OBJC_ROOT_CLASS = YES_ERROR;
				CLANG_WARN_QUOTED_INCLUDE_IN_FRAMEWORK_HEADER = YES;
				CLANG_WARN_RANGE_LOOP_ANALYSIS = YES;
				CLANG_WARN_STRICT_PROTOTYPES = YES;
				CLANG_WARN_SUSPICIOUS_MOVE = YES;
				CLANG_WARN_UNGUARDED_AVAILABILITY = YES_AGGRESSIVE;
				CLANG_WARN_UNREACHABLE_CODE = YES;
				CLANG_WARN__DUPLICATE_METHOD_MATCH = YES;
				COPY_PHASE_STRIP = NO;
				DEBUG_INFORMATION_FORMAT = "dwarf-with-dsym";
				ENABLE_NS_ASSERTIONS = NO;
				ENABLE_STRICT_OBJC_MSGSEND = YES;
				GCC_C_LANGUAGE_STANDARD = gnu11;
				GCC_NO_COMMON_BLOCKS = YES;
				GCC_WARN_64_TO_32_BIT_CONVERSION = YES;
				GCC_WARN_ABOUT_RETURN_TYPE = YES_ERROR;
				GCC_WARN_UNDECLARED_SELECTOR = YES;
				GCC_WARN_UNINITIALIZED_AUTOS = YES_AGGRESSIVE;
				GCC_WARN_UNUSED_FUNCTION = YES;
				GCC_WARN_UNUSED_VARIABLE = YES;
				IPHONEOS_DEPLOYMENT_TARGET = 13.0;
				MTL_ENABLE_DEBUG_INFO = NO;
				MTL_FAST_MATH = YES;
				SDKROOT = iphoneos;
				SWIFT_COMPILATION_MODE = wholemodule;
				SWIFT_OPTIMIZATION_LEVEL = "-O";
				VALIDATE_PRODUCT = YES;
			};
			name = Release;
		};
		A2C3FF932A18E71500231082 /* Debug */ = {
			isa = XCBuildConfiguration;
			buildSettings = {
				ASSETCATALOG_COMPILER_APPICON_NAME = AppIcon;
				ASSETCATALOG_COMPILER_GLOBAL_ACCENT_COLOR_NAME = AccentColor;
				CODE_SIGN_IDENTITY = "Apple Development";
				CODE_SIGN_STYLE = Automatic;
				CURRENT_PROJECT_VERSION = 1;
				DEVELOPMENT_TEAM = 6GN2TT83FY;
				GENERATE_INFOPLIST_FILE = YES;
				INFOPLIST_FILE = MyOwnWorkout/Info.plist;
				INFOPLIST_KEY_UIApplicationSupportsIndirectInputEvents = YES;
				INFOPLIST_KEY_UILaunchStoryboardName = LaunchScreen;
				INFOPLIST_KEY_UIMainStoryboardFile = Main;
				INFOPLIST_KEY_UISupportedInterfaceOrientations_iPad = "UIInterfaceOrientationPortrait UIInterfaceOrientationPortraitUpsideDown UIInterfaceOrientationLandscapeLeft UIInterfaceOrientationLandscapeRight";
				INFOPLIST_KEY_UISupportedInterfaceOrientations_iPhone = "UIInterfaceOrientationPortrait UIInterfaceOrientationLandscapeLeft UIInterfaceOrientationLandscapeRight";
				IPHONEOS_DEPLOYMENT_TARGET = 13.0;
				LD_RUNPATH_SEARCH_PATHS = (
					"$(inherited)",
					"@executable_path/Frameworks",
				);
				MARKETING_VERSION = 1.0;
				PRODUCT_BUNDLE_IDENTIFIER = com.radiantbald.MyOwnWorkout;
				PRODUCT_NAME = "$(TARGET_NAME)";
				PROVISIONING_PROFILE_SPECIFIER = "";
				SWIFT_EMIT_LOC_STRINGS = YES;
				SWIFT_VERSION = 5.0;
				TARGETED_DEVICE_FAMILY = "1,2";
			};
			name = Debug;
		};
		A2C3FF942A18E71500231082 /* Release */ = {
			isa = XCBuildConfiguration;
			buildSettings = {
				ASSETCATALOG_COMPILER_APPICON_NAME = AppIcon;
				ASSETCATALOG_COMPILER_GLOBAL_ACCENT_COLOR_NAME = AccentColor;
				CODE_SIGN_IDENTITY = "Apple Development";
				CODE_SIGN_STYLE = Automatic;
				CURRENT_PROJECT_VERSION = 1;
				DEVELOPMENT_TEAM = 6GN2TT83FY;
				GENERATE_INFOPLIST_FILE = YES;
				INFOPLIST_FILE = MyOwnWorkout/Info.plist;
				INFOPLIST_KEY_UIApplicationSupportsIndirectInputEvents = YES;
				INFOPLIST_KEY_UILaunchStoryboardName = LaunchScreen;
				INFOPLIST_KEY_UIMainStoryboardFile = Main;
				INFOPLIST_KEY_UISupportedInterfaceOrientations_iPad = "UIInterfaceOrientationPortrait UIInterfaceOrientationPortraitUpsideDown UIInterfaceOrientationLandscapeLeft UIInterfaceOrientationLandscapeRight";
				INFOPLIST_KEY_UISupportedInterfaceOrientations_iPhone = "UIInterfaceOrientationPortrait UIInterfaceOrientationLandscapeLeft UIInterfaceOrientationLandscapeRight";
				IPHONEOS_DEPLOYMENT_TARGET = 13.0;
				LD_RUNPATH_SEARCH_PATHS = (
					"$(inherited)",
					"@executable_path/Frameworks",
				);
				MARKETING_VERSION = 1.0;
				PRODUCT_BUNDLE_IDENTIFIER = com.radiantbald.MyOwnWorkout;
				PRODUCT_NAME = "$(TARGET_NAME)";
				PROVISIONING_PROFILE_SPECIFIER = "";
				SWIFT_EMIT_LOC_STRINGS = YES;
				SWIFT_VERSION = 5.0;
				TARGETED_DEVICE_FAMILY = "1,2";
			};
			name = Release;
		};
/* End XCBuildConfiguration section */

/* Begin XCConfigurationList section */
		A2C3FF792A18E71400231082 /* Build configuration list for PBXProject "MyOwnWorkout" */ = {
			isa = XCConfigurationList;
			buildConfigurations = (
				A2C3FF902A18E71500231082 /* Debug */,
				A2C3FF912A18E71500231082 /* Release */,
			);
			defaultConfigurationIsVisible = 0;
			defaultConfigurationName = Release;
		};
		A2C3FF922A18E71500231082 /* Build configuration list for PBXNativeTarget "MyOwnWorkout" */ = {
			isa = XCConfigurationList;
			buildConfigurations = (
				A2C3FF932A18E71500231082 /* Debug */,
				A2C3FF942A18E71500231082 /* Release */,
			);
			defaultConfigurationIsVisible = 0;
			defaultConfigurationName = Release;
		};
/* End XCConfigurationList section */
	};
	rootObject = A2C3FF762A18E71400231082 /* Project object */;
}
