// !$*UTF8*$!
{
	archiveVersion = 1;
	classes = {
	};
	objectVersion = 56;
	objects = {

/* Begin PBXBuildFile section */
		5CA23CDB2AACA9C800E47A9F /* FirebaseAnalytics in Frameworks */ = {isa = PBXBuildFile; productRef = 5CA23CDA2AACA9C800E47A9F /* FirebaseAnalytics */; };
		5CA23CDD2AACA9C800E47A9F /* FirebaseAuth in Frameworks */ = {isa = PBXBuildFile; productRef = 5CA23CDC2AACA9C800E47A9F /* FirebaseAuth */; };
		5CA23CDF2AACA9C800E47A9F /* FirebaseDatabase in Frameworks */ = {isa = PBXBuildFile; productRef = 5CA23CDE2AACA9C800E47A9F /* FirebaseDatabase */; };
		5CA23CE12AACA9C800E47A9F /* FirebaseMessaging in Frameworks */ = {isa = PBXBuildFile; productRef = 5CA23CE02AACA9C800E47A9F /* FirebaseMessaging */; };
		5CAF07B32ADA82A00009BED6 /* KeychainSwift in Frameworks */ = {isa = PBXBuildFile; productRef = 5CAF07B22ADA82A00009BED6 /* KeychainSwift */; };
		A201C8812A2B5953006B1781 /* SchedulePageViewController.swift in Sources */ = {isa = PBXBuildFile; fileRef = A201C8802A2B5953006B1781 /* SchedulePageViewController.swift */; };
		A20A117D2AEF87AE00E86B95 /* VerifyTextField.swift in Sources */ = {isa = PBXBuildFile; fileRef = A20A117C2AEF87AE00E86B95 /* VerifyTextField.swift */; };
		A20A117F2AEF891C00E86B95 /* VerifyView.swift in Sources */ = {isa = PBXBuildFile; fileRef = A20A117E2AEF891C00E86B95 /* VerifyView.swift */; };
		A22101DB2B3E11C0001563EA /* UIImageExtensions.swift in Sources */ = {isa = PBXBuildFile; fileRef = A22101DA2B3E11C0001563EA /* UIImageExtensions.swift */; };
		A22911BE2A9B679F00C978F4 /* GoogleService-Info.plist in Resources */ = {isa = PBXBuildFile; fileRef = A22911BD2A9B679F00C978F4 /* GoogleService-Info.plist */; };
		A22BCDCD2A3713ED001071BE /* SMSCodeApprovePageViewController.swift in Sources */ = {isa = PBXBuildFile; fileRef = A22BCDCC2A3713ED001071BE /* SMSCodeApprovePageViewController.swift */; };
		A23A750B2AF803BC00C4B178 /* ExercisePageViewController.swift in Sources */ = {isa = PBXBuildFile; fileRef = A23A750A2AF803BB00C4B178 /* ExercisePageViewController.swift */; };
		A23A75132AF804F900C4B178 /* SetupExercisePageViewController.swift in Sources */ = {isa = PBXBuildFile; fileRef = A23A75122AF804F900C4B178 /* SetupExercisePageViewController.swift */; };
		A26635B12AB2F37300040DCF /* NotificationSettings.swift in Sources */ = {isa = PBXBuildFile; fileRef = A26635B02AB2F37300040DCF /* NotificationSettings.swift */; };
		A26635B32AB2FCE000040DCF /* Keys.swift in Sources */ = {isa = PBXBuildFile; fileRef = A26635B22AB2FCE000040DCF /* Keys.swift */; };
		A26635B62AB2FDE800040DCF /* Assembler.swift in Sources */ = {isa = PBXBuildFile; fileRef = A26635B52AB2FDE800040DCF /* Assembler.swift */; };
		A26635B82AB30B6B00040DCF /* TabBarController.swift in Sources */ = {isa = PBXBuildFile; fileRef = A26635B72AB30B6B00040DCF /* TabBarController.swift */; };
		A26635BA2AB3199B00040DCF /* TabBarMenuModel.swift in Sources */ = {isa = PBXBuildFile; fileRef = A26635B92AB3199B00040DCF /* TabBarMenuModel.swift */; };
		A26E8F3D2A7507AD0054D495 /* FileManagerExtensions.swift in Sources */ = {isa = PBXBuildFile; fileRef = A26E8F3C2A7507AD0054D495 /* FileManagerExtensions.swift */; };
		A26E8F402A7667430054D495 /* CodableModels.swift in Sources */ = {isa = PBXBuildFile; fileRef = A26E8F3F2A7667430054D495 /* CodableModels.swift */; };
		A26E8F422A766ABB0054D495 /* KeychainDataBase.swift in Sources */ = {isa = PBXBuildFile; fileRef = A26E8F412A766ABB0054D495 /* KeychainDataBase.swift */; };
		A275C9AC2A2B5CAF00B18420 /* FeedPageViewController.swift in Sources */ = {isa = PBXBuildFile; fileRef = A275C9AB2A2B5CAF00B18420 /* FeedPageViewController.swift */; };
		A275C9B22A2B70EB00B18420 /* EntryPageViewController.swift in Sources */ = {isa = PBXBuildFile; fileRef = A275C9B12A2B70EB00B18420 /* EntryPageViewController.swift */; };
		A28614E02B40957B0099A88F /* ExerciseImagesTileVeiwController.swift in Sources */ = {isa = PBXBuildFile; fileRef = A28614DF2B40957B0099A88F /* ExerciseImagesTileVeiwController.swift */; };
		A28614E22B40959D0099A88F /* ExerciseImagesTilePresenter.swift in Sources */ = {isa = PBXBuildFile; fileRef = A28614E12B40959D0099A88F /* ExerciseImagesTilePresenter.swift */; };
		A28B40B62B46E1550071FBF0 /* ExerciseImageViewerViewController.swift in Sources */ = {isa = PBXBuildFile; fileRef = A28B40B52B46E1550071FBF0 /* ExerciseImageViewerViewController.swift */; };
		A28B40B92B46E16B0071FBF0 /* ExerciseImageViewerPresenter.swift in Sources */ = {isa = PBXBuildFile; fileRef = A28B40B82B46E16B0071FBF0 /* ExerciseImageViewerPresenter.swift */; };
		A28B7FBA2A84F78600B20B5F /* SettingsPageViewController.swift in Sources */ = {isa = PBXBuildFile; fileRef = A28B7FB92A84F78600B20B5F /* SettingsPageViewController.swift */; };
		A28B7FBC2A84F85300B20B5F /* SettingsPagePresenter.swift in Sources */ = {isa = PBXBuildFile; fileRef = A28B7FBB2A84F85300B20B5F /* SettingsPagePresenter.swift */; };
		A28B7FC22A87DC3400B20B5F /* AboutAppPageViewController.swift in Sources */ = {isa = PBXBuildFile; fileRef = A28B7FC12A87DC3400B20B5F /* AboutAppPageViewController.swift */; };
		A28B7FC42A87DC9200B20B5F /* AboutAppPagePresenter.swift in Sources */ = {isa = PBXBuildFile; fileRef = A28B7FC32A87DC9200B20B5F /* AboutAppPagePresenter.swift */; };
		A28B7FCA2A87DF9A00B20B5F /* PersonalAccountPageViewController.swift in Sources */ = {isa = PBXBuildFile; fileRef = A28B7FC92A87DF9A00B20B5F /* PersonalAccountPageViewController.swift */; };
		A28B7FCC2A87E02B00B20B5F /* PersonalAccountPagePresenter.swift in Sources */ = {isa = PBXBuildFile; fileRef = A28B7FCB2A87E02B00B20B5F /* PersonalAccountPagePresenter.swift */; };
		A28B7FD32A87E42100B20B5F /* MyAchievmentsPageViewController.swift in Sources */ = {isa = PBXBuildFile; fileRef = A28B7FD22A87E42100B20B5F /* MyAchievmentsPageViewController.swift */; };
		A28B7FD52A87E49D00B20B5F /* MyAchievmentsPagePresenter.swift in Sources */ = {isa = PBXBuildFile; fileRef = A28B7FD42A87E49D00B20B5F /* MyAchievmentsPagePresenter.swift */; };
		A28B7FDB2A88ABA800B20B5F /* MyExercisesPageViewController.swift in Sources */ = {isa = PBXBuildFile; fileRef = A28B7FDA2A88ABA800B20B5F /* MyExercisesPageViewController.swift */; };
		A28B7FDD2A88AC7200B20B5F /* MyExercisesPagePresenter.swift in Sources */ = {isa = PBXBuildFile; fileRef = A28B7FDC2A88AC7200B20B5F /* MyExercisesPagePresenter.swift */; };
		A28B7FE32A88B27800B20B5F /* MyWorkoutsPageViewController.swift in Sources */ = {isa = PBXBuildFile; fileRef = A28B7FE22A88B27800B20B5F /* MyWorkoutsPageViewController.swift */; };
		A28B7FE52A88B2D400B20B5F /* MyWorkoutsPagePresenter.swift in Sources */ = {isa = PBXBuildFile; fileRef = A28B7FE42A88B2D400B20B5F /* MyWorkoutsPagePresenter.swift */; };
		A28B7FEB2A88B76400B20B5F /* TrainingProgramsViewController.swift in Sources */ = {isa = PBXBuildFile; fileRef = A28B7FEA2A88B76400B20B5F /* TrainingProgramsViewController.swift */; };
		A28B7FED2A88B7BE00B20B5F /* TrainingProgramsPagePresenter.swift in Sources */ = {isa = PBXBuildFile; fileRef = A28B7FEC2A88B7BE00B20B5F /* TrainingProgramsPagePresenter.swift */; };
		A290CEB12ADAAE0000FE145B /* UIViewExtensions.swift in Sources */ = {isa = PBXBuildFile; fileRef = A290CEB02ADAAE0000FE145B /* UIViewExtensions.swift */; };
		A290CEB32ADAB46000FE145B /* UILabelExtensions.swift in Sources */ = {isa = PBXBuildFile; fileRef = A290CEB22ADAB46000FE145B /* UILabelExtensions.swift */; };
		A290CEB72ADABAFF00FE145B /* UImageViewExtensions.swift in Sources */ = {isa = PBXBuildFile; fileRef = A290CEB62ADABAFF00FE145B /* UImageViewExtensions.swift */; };
		A290CEB92ADABD8F00FE145B /* UIStackViewExtensions.swift in Sources */ = {isa = PBXBuildFile; fileRef = A290CEB82ADABD8F00FE145B /* UIStackViewExtensions.swift */; };
		A290CEBF2ADC42E800FE145B /* ExerciseTableViewCell.swift in Sources */ = {isa = PBXBuildFile; fileRef = A290CEBE2ADC42E800FE145B /* ExerciseTableViewCell.swift */; };
		A2954F882A7E8B9C003947CF /* MainPagePresenter.swift in Sources */ = {isa = PBXBuildFile; fileRef = A2954F872A7E8B9C003947CF /* MainPagePresenter.swift */; };
		A2954F8A2A7E9035003947CF /* SchedulePagePresenter.swift in Sources */ = {isa = PBXBuildFile; fileRef = A2954F892A7E9035003947CF /* SchedulePagePresenter.swift */; };
		A2954F8C2A7E90AB003947CF /* FeedPagePresenter.swift in Sources */ = {isa = PBXBuildFile; fileRef = A2954F8B2A7E90AB003947CF /* FeedPagePresenter.swift */; };
		A2954F902A7E994B003947CF /* EntryPagePresenter.swift in Sources */ = {isa = PBXBuildFile; fileRef = A2954F8F2A7E994B003947CF /* EntryPagePresenter.swift */; };
		A2954F922A7E99B9003947CF /* SMSCodeApprovePagePresenter.swift in Sources */ = {isa = PBXBuildFile; fileRef = A2954F912A7E99B9003947CF /* SMSCodeApprovePagePresenter.swift */; };
		A2954F942A7E9A36003947CF /* PersonPagePresenter.swift in Sources */ = {isa = PBXBuildFile; fileRef = A2954F932A7E9A36003947CF /* PersonPagePresenter.swift */; };
		A29B4BC02AE2B9DB00C5D886 /* Realm in Frameworks */ = {isa = PBXBuildFile; productRef = A29B4BBF2AE2B9DB00C5D886 /* Realm */; };
		A29B4BC22AE2B9DB00C5D886 /* RealmSwift in Frameworks */ = {isa = PBXBuildFile; productRef = A29B4BC12AE2B9DB00C5D886 /* RealmSwift */; };
		A29B4BC42AE2DC5000C5D886 /* RealmDataBase.swift in Sources */ = {isa = PBXBuildFile; fileRef = A29B4BC32AE2DC5000C5D886 /* RealmDataBase.swift */; };
		A29B4BC62AE2DD8500C5D886 /* ExerciseModel.swift in Sources */ = {isa = PBXBuildFile; fileRef = A29B4BC52AE2DD8500C5D886 /* ExerciseModel.swift */; };
		A29B4BCD2AE3F2B700C5D886 /* AddExercisePageViewController.swift in Sources */ = {isa = PBXBuildFile; fileRef = A29B4BCC2AE3F2B700C5D886 /* AddExercisePageViewController.swift */; };
		A29B4BCF2AE3F2F900C5D886 /* AddExercisePagePresenter.swift in Sources */ = {isa = PBXBuildFile; fileRef = A29B4BCE2AE3F2F900C5D886 /* AddExercisePagePresenter.swift */; };
		A29B4BD72AE550EA00C5D886 /* ExercisePagePresenter.swift in Sources */ = {isa = PBXBuildFile; fileRef = A29B4BD62AE550EA00C5D886 /* ExercisePagePresenter.swift */; };
		A29C7D8F2A6548C20065B255 /* UserDefaultsDataBase.swift in Sources */ = {isa = PBXBuildFile; fileRef = A29C7D8E2A6548C20065B255 /* UserDefaultsDataBase.swift */; };
		A2ACA93E2A3C72CA0028F9FD /* UIViewControllerExtensions.swift in Sources */ = {isa = PBXBuildFile; fileRef = A2ACA93D2A3C72CA0028F9FD /* UIViewControllerExtensions.swift */; };
		A2ACA9402A3C75650028F9FD /* StringExtensions.swift in Sources */ = {isa = PBXBuildFile; fileRef = A2ACA93F2A3C75650028F9FD /* StringExtensions.swift */; };
		A2ACA9472A3F26E30028F9FD /* EyeButtonView.swift in Sources */ = {isa = PBXBuildFile; fileRef = A2ACA9462A3F26E30028F9FD /* EyeButtonView.swift */; };
		A2C3FF822A18E71400231082 /* AppDelegate.swift in Sources */ = {isa = PBXBuildFile; fileRef = A2C3FF812A18E71400231082 /* AppDelegate.swift */; };
		A2C3FF842A18E71400231082 /* SceneDelegate.swift in Sources */ = {isa = PBXBuildFile; fileRef = A2C3FF832A18E71400231082 /* SceneDelegate.swift */; };
		A2C3FF862A18E71400231082 /* MainPageViewController.swift in Sources */ = {isa = PBXBuildFile; fileRef = A2C3FF852A18E71400231082 /* MainPageViewController.swift */; };
		A2C3FF892A18E71400231082 /* Main.storyboard in Resources */ = {isa = PBXBuildFile; fileRef = A2C3FF872A18E71400231082 /* Main.storyboard */; };
		A2C3FF8B2A18E71500231082 /* Assets.xcassets in Resources */ = {isa = PBXBuildFile; fileRef = A2C3FF8A2A18E71500231082 /* Assets.xcassets */; };
		A2C3FF8E2A18E71500231082 /* LaunchScreen.storyboard in Resources */ = {isa = PBXBuildFile; fileRef = A2C3FF8C2A18E71500231082 /* LaunchScreen.storyboard */; };
		A2D2E4532A6DB36E002E5467 /* GeneralViewController.swift in Sources */ = {isa = PBXBuildFile; fileRef = A2D2E4522A6DB36E002E5467 /* GeneralViewController.swift */; };
		A2D601B52A1E273E001E7EE3 /* PersonPageViewController.swift in Sources */ = {isa = PBXBuildFile; fileRef = A2D601B42A1E273E001E7EE3 /* PersonPageViewController.swift */; };
		A2E4C8912B35F31100AC89E4 /* ExerciseImagesCollectionsViewCell.swift in Sources */ = {isa = PBXBuildFile; fileRef = A2E4C8902B35F31100AC89E4 /* ExerciseImagesCollectionsViewCell.swift */; };
		A2E4C8932B36074800AC89E4 /* Constants.swift in Sources */ = {isa = PBXBuildFile; fileRef = A2E4C8922B36074800AC89E4 /* Constants.swift */; };
		A2E4C8952B362B8200AC89E4 /* GifLoader.swift in Sources */ = {isa = PBXBuildFile; fileRef = A2E4C8942B362B8200AC89E4 /* GifLoader.swift */; };
		A2E4C8982B362C0900AC89E4 /* Gachigif.gif in Resources */ = {isa = PBXBuildFile; fileRef = A2E4C8972B362C0900AC89E4 /* Gachigif.gif */; };
		A2F78D6F2B272D2E00AF35AD /* SetupExercisePagePresenter.swift in Sources */ = {isa = PBXBuildFile; fileRef = A2F78D6E2B272D2E00AF35AD /* SetupExercisePagePresenter.swift */; };
/* End PBXBuildFile section */

/* Begin PBXFileReference section */
		A201C8802A2B5953006B1781 /* SchedulePageViewController.swift */ = {isa = PBXFileReference; lastKnownFileType = sourcecode.swift; path = SchedulePageViewController.swift; sourceTree = "<group>"; };
		A20A117C2AEF87AE00E86B95 /* VerifyTextField.swift */ = {isa = PBXFileReference; lastKnownFileType = sourcecode.swift; path = VerifyTextField.swift; sourceTree = "<group>"; };
		A20A117E2AEF891C00E86B95 /* VerifyView.swift */ = {isa = PBXFileReference; lastKnownFileType = sourcecode.swift; path = VerifyView.swift; sourceTree = "<group>"; };
		A22101DA2B3E11C0001563EA /* UIImageExtensions.swift */ = {isa = PBXFileReference; lastKnownFileType = sourcecode.swift; path = UIImageExtensions.swift; sourceTree = "<group>"; };
		A22911BD2A9B679F00C978F4 /* GoogleService-Info.plist */ = {isa = PBXFileReference; fileEncoding = 4; lastKnownFileType = text.plist.xml; path = "GoogleService-Info.plist"; sourceTree = "<group>"; };
		A22BCDCC2A3713ED001071BE /* SMSCodeApprovePageViewController.swift */ = {isa = PBXFileReference; lastKnownFileType = sourcecode.swift; path = SMSCodeApprovePageViewController.swift; sourceTree = "<group>"; };
		A23A750A2AF803BB00C4B178 /* ExercisePageViewController.swift */ = {isa = PBXFileReference; lastKnownFileType = sourcecode.swift; path = ExercisePageViewController.swift; sourceTree = "<group>"; };
		A23A75122AF804F900C4B178 /* SetupExercisePageViewController.swift */ = {isa = PBXFileReference; lastKnownFileType = sourcecode.swift; path = SetupExercisePageViewController.swift; sourceTree = "<group>"; };
		A26635B02AB2F37300040DCF /* NotificationSettings.swift */ = {isa = PBXFileReference; lastKnownFileType = sourcecode.swift; path = NotificationSettings.swift; sourceTree = "<group>"; };
		A26635B22AB2FCE000040DCF /* Keys.swift */ = {isa = PBXFileReference; lastKnownFileType = sourcecode.swift; path = Keys.swift; sourceTree = "<group>"; };
		A26635B52AB2FDE800040DCF /* Assembler.swift */ = {isa = PBXFileReference; lastKnownFileType = sourcecode.swift; path = Assembler.swift; sourceTree = "<group>"; };
		A26635B72AB30B6B00040DCF /* TabBarController.swift */ = {isa = PBXFileReference; lastKnownFileType = sourcecode.swift; path = TabBarController.swift; sourceTree = "<group>"; };
		A26635B92AB3199B00040DCF /* TabBarMenuModel.swift */ = {isa = PBXFileReference; lastKnownFileType = sourcecode.swift; path = TabBarMenuModel.swift; sourceTree = "<group>"; };
		A26E8F3C2A7507AD0054D495 /* FileManagerExtensions.swift */ = {isa = PBXFileReference; lastKnownFileType = sourcecode.swift; path = FileManagerExtensions.swift; sourceTree = "<group>"; };
		A26E8F3F2A7667430054D495 /* CodableModels.swift */ = {isa = PBXFileReference; lastKnownFileType = sourcecode.swift; path = CodableModels.swift; sourceTree = "<group>"; };
		A26E8F412A766ABB0054D495 /* KeychainDataBase.swift */ = {isa = PBXFileReference; lastKnownFileType = sourcecode.swift; path = KeychainDataBase.swift; sourceTree = "<group>"; };
		A275C9AB2A2B5CAF00B18420 /* FeedPageViewController.swift */ = {isa = PBXFileReference; lastKnownFileType = sourcecode.swift; path = FeedPageViewController.swift; sourceTree = "<group>"; };
		A275C9B12A2B70EB00B18420 /* EntryPageViewController.swift */ = {isa = PBXFileReference; lastKnownFileType = sourcecode.swift; path = EntryPageViewController.swift; sourceTree = "<group>"; };
		A28614DF2B40957B0099A88F /* ExerciseImagesTileVeiwController.swift */ = {isa = PBXFileReference; lastKnownFileType = sourcecode.swift; path = ExerciseImagesTileVeiwController.swift; sourceTree = "<group>"; };
		A28614E12B40959D0099A88F /* ExerciseImagesTilePresenter.swift */ = {isa = PBXFileReference; lastKnownFileType = sourcecode.swift; path = ExerciseImagesTilePresenter.swift; sourceTree = "<group>"; };
		A28B40B52B46E1550071FBF0 /* ExerciseImageViewerViewController.swift */ = {isa = PBXFileReference; lastKnownFileType = sourcecode.swift; path = ExerciseImageViewerViewController.swift; sourceTree = "<group>"; };
		A28B40B82B46E16B0071FBF0 /* ExerciseImageViewerPresenter.swift */ = {isa = PBXFileReference; lastKnownFileType = sourcecode.swift; path = ExerciseImageViewerPresenter.swift; sourceTree = "<group>"; };
		A28B7FB92A84F78600B20B5F /* SettingsPageViewController.swift */ = {isa = PBXFileReference; lastKnownFileType = sourcecode.swift; path = SettingsPageViewController.swift; sourceTree = "<group>"; };
		A28B7FBB2A84F85300B20B5F /* SettingsPagePresenter.swift */ = {isa = PBXFileReference; lastKnownFileType = sourcecode.swift; path = SettingsPagePresenter.swift; sourceTree = "<group>"; };
		A28B7FC12A87DC3400B20B5F /* AboutAppPageViewController.swift */ = {isa = PBXFileReference; lastKnownFileType = sourcecode.swift; path = AboutAppPageViewController.swift; sourceTree = "<group>"; };
		A28B7FC32A87DC9200B20B5F /* AboutAppPagePresenter.swift */ = {isa = PBXFileReference; lastKnownFileType = sourcecode.swift; path = AboutAppPagePresenter.swift; sourceTree = "<group>"; };
		A28B7FC92A87DF9A00B20B5F /* PersonalAccountPageViewController.swift */ = {isa = PBXFileReference; lastKnownFileType = sourcecode.swift; path = PersonalAccountPageViewController.swift; sourceTree = "<group>"; };
		A28B7FCB2A87E02B00B20B5F /* PersonalAccountPagePresenter.swift */ = {isa = PBXFileReference; lastKnownFileType = sourcecode.swift; path = PersonalAccountPagePresenter.swift; sourceTree = "<group>"; };
		A28B7FD22A87E42100B20B5F /* MyAchievmentsPageViewController.swift */ = {isa = PBXFileReference; lastKnownFileType = sourcecode.swift; path = MyAchievmentsPageViewController.swift; sourceTree = "<group>"; };
		A28B7FD42A87E49D00B20B5F /* MyAchievmentsPagePresenter.swift */ = {isa = PBXFileReference; lastKnownFileType = sourcecode.swift; path = MyAchievmentsPagePresenter.swift; sourceTree = "<group>"; };
		A28B7FDA2A88ABA800B20B5F /* MyExercisesPageViewController.swift */ = {isa = PBXFileReference; lastKnownFileType = sourcecode.swift; path = MyExercisesPageViewController.swift; sourceTree = "<group>"; };
		A28B7FDC2A88AC7200B20B5F /* MyExercisesPagePresenter.swift */ = {isa = PBXFileReference; lastKnownFileType = sourcecode.swift; path = MyExercisesPagePresenter.swift; sourceTree = "<group>"; };
		A28B7FE22A88B27800B20B5F /* MyWorkoutsPageViewController.swift */ = {isa = PBXFileReference; lastKnownFileType = sourcecode.swift; path = MyWorkoutsPageViewController.swift; sourceTree = "<group>"; };
		A28B7FE42A88B2D400B20B5F /* MyWorkoutsPagePresenter.swift */ = {isa = PBXFileReference; lastKnownFileType = sourcecode.swift; path = MyWorkoutsPagePresenter.swift; sourceTree = "<group>"; };
		A28B7FEA2A88B76400B20B5F /* TrainingProgramsViewController.swift */ = {isa = PBXFileReference; lastKnownFileType = sourcecode.swift; path = TrainingProgramsViewController.swift; sourceTree = "<group>"; };
		A28B7FEC2A88B7BE00B20B5F /* TrainingProgramsPagePresenter.swift */ = {isa = PBXFileReference; lastKnownFileType = sourcecode.swift; path = TrainingProgramsPagePresenter.swift; sourceTree = "<group>"; };
		A290CEB02ADAAE0000FE145B /* UIViewExtensions.swift */ = {isa = PBXFileReference; lastKnownFileType = sourcecode.swift; path = UIViewExtensions.swift; sourceTree = "<group>"; };
		A290CEB22ADAB46000FE145B /* UILabelExtensions.swift */ = {isa = PBXFileReference; lastKnownFileType = sourcecode.swift; path = UILabelExtensions.swift; sourceTree = "<group>"; };
		A290CEB62ADABAFF00FE145B /* UImageViewExtensions.swift */ = {isa = PBXFileReference; lastKnownFileType = sourcecode.swift; path = UImageViewExtensions.swift; sourceTree = "<group>"; };
		A290CEB82ADABD8F00FE145B /* UIStackViewExtensions.swift */ = {isa = PBXFileReference; lastKnownFileType = sourcecode.swift; path = UIStackViewExtensions.swift; sourceTree = "<group>"; };
		A290CEBE2ADC42E800FE145B /* ExerciseTableViewCell.swift */ = {isa = PBXFileReference; lastKnownFileType = sourcecode.swift; name = ExerciseTableViewCell.swift; path = MyOwnWorkout/Views/ExerciseTableViewCell.swift; sourceTree = SOURCE_ROOT; };
		A2954F872A7E8B9C003947CF /* MainPagePresenter.swift */ = {isa = PBXFileReference; lastKnownFileType = sourcecode.swift; path = MainPagePresenter.swift; sourceTree = "<group>"; };
		A2954F892A7E9035003947CF /* SchedulePagePresenter.swift */ = {isa = PBXFileReference; lastKnownFileType = sourcecode.swift; path = SchedulePagePresenter.swift; sourceTree = "<group>"; };
		A2954F8B2A7E90AB003947CF /* FeedPagePresenter.swift */ = {isa = PBXFileReference; lastKnownFileType = sourcecode.swift; path = FeedPagePresenter.swift; sourceTree = "<group>"; };
		A2954F8F2A7E994B003947CF /* EntryPagePresenter.swift */ = {isa = PBXFileReference; lastKnownFileType = sourcecode.swift; path = EntryPagePresenter.swift; sourceTree = "<group>"; };
		A2954F912A7E99B9003947CF /* SMSCodeApprovePagePresenter.swift */ = {isa = PBXFileReference; lastKnownFileType = sourcecode.swift; path = SMSCodeApprovePagePresenter.swift; sourceTree = "<group>"; };
		A2954F932A7E9A36003947CF /* PersonPagePresenter.swift */ = {isa = PBXFileReference; lastKnownFileType = sourcecode.swift; path = PersonPagePresenter.swift; sourceTree = "<group>"; };
		A29B4BC32AE2DC5000C5D886 /* RealmDataBase.swift */ = {isa = PBXFileReference; lastKnownFileType = sourcecode.swift; path = RealmDataBase.swift; sourceTree = "<group>"; };
		A29B4BC52AE2DD8500C5D886 /* ExerciseModel.swift */ = {isa = PBXFileReference; lastKnownFileType = sourcecode.swift; path = ExerciseModel.swift; sourceTree = "<group>"; };
		A29B4BCC2AE3F2B700C5D886 /* AddExercisePageViewController.swift */ = {isa = PBXFileReference; lastKnownFileType = sourcecode.swift; path = AddExercisePageViewController.swift; sourceTree = "<group>"; };
		A29B4BCE2AE3F2F900C5D886 /* AddExercisePagePresenter.swift */ = {isa = PBXFileReference; lastKnownFileType = sourcecode.swift; path = AddExercisePagePresenter.swift; sourceTree = "<group>"; };
		A29B4BD62AE550EA00C5D886 /* ExercisePagePresenter.swift */ = {isa = PBXFileReference; lastKnownFileType = sourcecode.swift; path = ExercisePagePresenter.swift; sourceTree = "<group>"; };
		A29C7D8E2A6548C20065B255 /* UserDefaultsDataBase.swift */ = {isa = PBXFileReference; lastKnownFileType = sourcecode.swift; path = UserDefaultsDataBase.swift; sourceTree = "<group>"; };
		A2ACA93D2A3C72CA0028F9FD /* UIViewControllerExtensions.swift */ = {isa = PBXFileReference; lastKnownFileType = sourcecode.swift; path = UIViewControllerExtensions.swift; sourceTree = "<group>"; };
		A2ACA93F2A3C75650028F9FD /* StringExtensions.swift */ = {isa = PBXFileReference; lastKnownFileType = sourcecode.swift; path = StringExtensions.swift; sourceTree = "<group>"; };
		A2ACA9462A3F26E30028F9FD /* EyeButtonView.swift */ = {isa = PBXFileReference; lastKnownFileType = sourcecode.swift; path = EyeButtonView.swift; sourceTree = "<group>"; };
		A2C3FF7E2A18E71400231082 /* MyOwnWorkout.app */ = {isa = PBXFileReference; explicitFileType = wrapper.application; includeInIndex = 0; path = MyOwnWorkout.app; sourceTree = BUILT_PRODUCTS_DIR; };
		A2C3FF812A18E71400231082 /* AppDelegate.swift */ = {isa = PBXFileReference; lastKnownFileType = sourcecode.swift; path = AppDelegate.swift; sourceTree = "<group>"; };
		A2C3FF832A18E71400231082 /* SceneDelegate.swift */ = {isa = PBXFileReference; lastKnownFileType = sourcecode.swift; path = SceneDelegate.swift; sourceTree = "<group>"; };
		A2C3FF852A18E71400231082 /* MainPageViewController.swift */ = {isa = PBXFileReference; lastKnownFileType = sourcecode.swift; path = MainPageViewController.swift; sourceTree = "<group>"; };
		A2C3FF882A18E71400231082 /* Base */ = {isa = PBXFileReference; lastKnownFileType = file.storyboard; name = Base; path = Base.lproj/Main.storyboard; sourceTree = "<group>"; };
		A2C3FF8A2A18E71500231082 /* Assets.xcassets */ = {isa = PBXFileReference; lastKnownFileType = folder.assetcatalog; path = Assets.xcassets; sourceTree = "<group>"; };
		A2C3FF8D2A18E71500231082 /* Base */ = {isa = PBXFileReference; lastKnownFileType = file.storyboard; name = Base; path = Base.lproj/LaunchScreen.storyboard; sourceTree = "<group>"; };
		A2C3FF8F2A18E71500231082 /* Info.plist */ = {isa = PBXFileReference; lastKnownFileType = text.plist.xml; path = Info.plist; sourceTree = "<group>"; };
		A2D2E4522A6DB36E002E5467 /* GeneralViewController.swift */ = {isa = PBXFileReference; lastKnownFileType = sourcecode.swift; path = GeneralViewController.swift; sourceTree = "<group>"; };
		A2D601B42A1E273E001E7EE3 /* PersonPageViewController.swift */ = {isa = PBXFileReference; lastKnownFileType = sourcecode.swift; path = PersonPageViewController.swift; sourceTree = "<group>"; };
		A2E4C8902B35F31100AC89E4 /* ExerciseImagesCollectionsViewCell.swift */ = {isa = PBXFileReference; lastKnownFileType = sourcecode.swift; path = ExerciseImagesCollectionsViewCell.swift; sourceTree = "<group>"; };
		A2E4C8922B36074800AC89E4 /* Constants.swift */ = {isa = PBXFileReference; lastKnownFileType = sourcecode.swift; path = Constants.swift; sourceTree = "<group>"; };
		A2E4C8942B362B8200AC89E4 /* GifLoader.swift */ = {isa = PBXFileReference; lastKnownFileType = sourcecode.swift; path = GifLoader.swift; sourceTree = "<group>"; };
		A2E4C8972B362C0900AC89E4 /* Gachigif.gif */ = {isa = PBXFileReference; lastKnownFileType = image.gif; path = Gachigif.gif; sourceTree = "<group>"; };
		A2F78D6E2B272D2E00AF35AD /* SetupExercisePagePresenter.swift */ = {isa = PBXFileReference; lastKnownFileType = sourcecode.swift; path = SetupExercisePagePresenter.swift; sourceTree = "<group>"; };
/* End PBXFileReference section */

/* Begin PBXFrameworksBuildPhase section */
		A2C3FF7B2A18E71400231082 /* Frameworks */ = {
			isa = PBXFrameworksBuildPhase;
			buildActionMask = 2147483647;
			files = (
				A29B4BC02AE2B9DB00C5D886 /* Realm in Frameworks */,
				5CA23CDB2AACA9C800E47A9F /* FirebaseAnalytics in Frameworks */,
				A29B4BC22AE2B9DB00C5D886 /* RealmSwift in Frameworks */,
				5CA23CDD2AACA9C800E47A9F /* FirebaseAuth in Frameworks */,
				5CAF07B32ADA82A00009BED6 /* KeychainSwift in Frameworks */,
				5CA23CE12AACA9C800E47A9F /* FirebaseMessaging in Frameworks */,
				5CA23CDF2AACA9C800E47A9F /* FirebaseDatabase in Frameworks */,
			);
			runOnlyForDeploymentPostprocessing = 0;
		};
/* End PBXFrameworksBuildPhase section */

/* Begin PBXGroup section */
		A201C87F2A2B590D006B1781 /* SchedulePage */ = {
			isa = PBXGroup;
			children = (
				A25F8A312A7B93FD00C45AFB /* Model */,
				A25F8A322A7B940300C45AFB /* View */,
				A25F8A332A7B940800C45AFB /* Presenter */,
			);
			path = SchedulePage;
			sourceTree = "<group>";
		};
		A20A117B2AEF879400E86B95 /* VerifyViews */ = {
			isa = PBXGroup;
			children = (
				A20A117C2AEF87AE00E86B95 /* VerifyTextField.swift */,
				A20A117E2AEF891C00E86B95 /* VerifyView.swift */,
			);
			path = VerifyViews;
			sourceTree = "<group>";
		};
		A23A750C2AF804A200C4B178 /* ExerciseSetupPage */ = {
			isa = PBXGroup;
			children = (
				A23A75102AF804DE00C4B178 /* Model */,
				A23A750E2AF804C400C4B178 /* View */,
				A23A750D2AF804BD00C4B178 /* Presenter */,
			);
			path = ExerciseSetupPage;
			sourceTree = "<group>";
		};
		A23A750D2AF804BD00C4B178 /* Presenter */ = {
			isa = PBXGroup;
			children = (
				A2F78D6E2B272D2E00AF35AD /* SetupExercisePagePresenter.swift */,
			);
			path = Presenter;
			sourceTree = "<group>";
		};
		A23A750E2AF804C400C4B178 /* View */ = {
			isa = PBXGroup;
			children = (
				A23A75122AF804F900C4B178 /* SetupExercisePageViewController.swift */,
			);
			path = View;
			sourceTree = "<group>";
		};
		A23A75102AF804DE00C4B178 /* Model */ = {
			isa = PBXGroup;
			children = (
			);
			path = Model;
			sourceTree = "<group>";
		};
		A25F8A2C2A7B925D00C45AFB /* EntryPage */ = {
			isa = PBXGroup;
			children = (
				A25F8A3C2A7B945400C45AFB /* Model */,
				A25F8A3B2A7B945100C45AFB /* View */,
				A25F8A3A2A7B944B00C45AFB /* Presenter */,
			);
			path = EntryPage;
			sourceTree = "<group>";
		};
		A25F8A2D2A7B927200C45AFB /* SMSCodeApprovePage */ = {
			isa = PBXGroup;
			children = (
				A25F8A3F2A7B946600C45AFB /* Model */,
				A25F8A3E2A7B946200C45AFB /* View */,
				A25F8A3D2A7B945E00C45AFB /* Presenter */,
			);
			path = SMSCodeApprovePage;
			sourceTree = "<group>";
		};
		A25F8A2E2A7B92A100C45AFB /* Model */ = {
			isa = PBXGroup;
			children = (
			);
			path = Model;
			sourceTree = "<group>";
		};
		A25F8A2F2A7B92B300C45AFB /* View */ = {
			isa = PBXGroup;
			children = (
				A2C3FF852A18E71400231082 /* MainPageViewController.swift */,
			);
			path = View;
			sourceTree = "<group>";
		};
		A25F8A302A7B92CC00C45AFB /* Presenter */ = {
			isa = PBXGroup;
			children = (
				A2954F872A7E8B9C003947CF /* MainPagePresenter.swift */,
			);
			path = Presenter;
			sourceTree = "<group>";
		};
		A25F8A312A7B93FD00C45AFB /* Model */ = {
			isa = PBXGroup;
			children = (
			);
			path = Model;
			sourceTree = "<group>";
		};
		A25F8A322A7B940300C45AFB /* View */ = {
			isa = PBXGroup;
			children = (
				A201C8802A2B5953006B1781 /* SchedulePageViewController.swift */,
			);
			path = View;
			sourceTree = "<group>";
		};
		A25F8A332A7B940800C45AFB /* Presenter */ = {
			isa = PBXGroup;
			children = (
				A2954F892A7E9035003947CF /* SchedulePagePresenter.swift */,
			);
			path = Presenter;
			sourceTree = "<group>";
		};
		A25F8A342A7B941800C45AFB /* Presenter */ = {
			isa = PBXGroup;
			children = (
				A2954F8B2A7E90AB003947CF /* FeedPagePresenter.swift */,
			);
			path = Presenter;
			sourceTree = "<group>";
		};
		A25F8A352A7B942100C45AFB /* View */ = {
			isa = PBXGroup;
			children = (
				A275C9AB2A2B5CAF00B18420 /* FeedPageViewController.swift */,
			);
			path = View;
			sourceTree = "<group>";
		};
		A25F8A362A7B942500C45AFB /* Model */ = {
			isa = PBXGroup;
			children = (
			);
			path = Model;
			sourceTree = "<group>";
		};
		A25F8A3A2A7B944B00C45AFB /* Presenter */ = {
			isa = PBXGroup;
			children = (
				A2954F8F2A7E994B003947CF /* EntryPagePresenter.swift */,
			);
			path = Presenter;
			sourceTree = "<group>";
		};
		A25F8A3B2A7B945100C45AFB /* View */ = {
			isa = PBXGroup;
			children = (
				A275C9B12A2B70EB00B18420 /* EntryPageViewController.swift */,
			);
			path = View;
			sourceTree = "<group>";
		};
		A25F8A3C2A7B945400C45AFB /* Model */ = {
			isa = PBXGroup;
			children = (
			);
			path = Model;
			sourceTree = "<group>";
		};
		A25F8A3D2A7B945E00C45AFB /* Presenter */ = {
			isa = PBXGroup;
			children = (
				A2954F912A7E99B9003947CF /* SMSCodeApprovePagePresenter.swift */,
			);
			path = Presenter;
			sourceTree = "<group>";
		};
		A25F8A3E2A7B946200C45AFB /* View */ = {
			isa = PBXGroup;
			children = (
				A22BCDCC2A3713ED001071BE /* SMSCodeApprovePageViewController.swift */,
			);
			path = View;
			sourceTree = "<group>";
		};
		A25F8A3F2A7B946600C45AFB /* Model */ = {
			isa = PBXGroup;
			children = (
			);
			path = Model;
			sourceTree = "<group>";
		};
		A25F8A402A7B947000C45AFB /* Presenter */ = {
			isa = PBXGroup;
			children = (
				A2954F932A7E9A36003947CF /* PersonPagePresenter.swift */,
			);
			path = Presenter;
			sourceTree = "<group>";
		};
		A25F8A412A7B947E00C45AFB /* View */ = {
			isa = PBXGroup;
			children = (
				A2D601B42A1E273E001E7EE3 /* PersonPageViewController.swift */,
			);
			path = View;
			sourceTree = "<group>";
		};
		A25F8A422A7B948100C45AFB /* Model */ = {
			isa = PBXGroup;
			children = (
			);
			path = Model;
			sourceTree = "<group>";
		};
		A26635B42AB2FDD800040DCF /* Assembler */ = {
			isa = PBXGroup;
			children = (
				A26635B52AB2FDE800040DCF /* Assembler.swift */,
			);
			path = Assembler;
			sourceTree = "<group>";
		};
		A26E8F3E2A7666F50054D495 /* Views */ = {
			isa = PBXGroup;
			children = (
				A20A117B2AEF879400E86B95 /* VerifyViews */,
				A28B7FB42A83C55B00B20B5F /* Buttons */,
			);
			path = Views;
			sourceTree = "<group>";
		};
		A275C9AA2A2B5C6900B18420 /* FeedPage */ = {
			isa = PBXGroup;
			children = (
				A25F8A362A7B942500C45AFB /* Model */,
				A25F8A352A7B942100C45AFB /* View */,
				A25F8A342A7B941800C45AFB /* Presenter */,
			);
			path = FeedPage;
			sourceTree = "<group>";
		};
		A275C9AF2A2B70BA00B18420 /* PersonPage */ = {
			isa = PBXGroup;
			children = (
				A25F8A422A7B948100C45AFB /* Model */,
				A25F8A412A7B947E00C45AFB /* View */,
				A25F8A402A7B947000C45AFB /* Presenter */,
			);
			path = PersonPage;
			sourceTree = "<group>";
		};
		A28614DB2B4095340099A88F /* ExerciseImagesTile */ = {
			isa = PBXGroup;
			children = (
				A28614DE2B4095680099A88F /* Model */,
				A28614DD2B4095630099A88F /* View */,
				A28614DC2B40955C0099A88F /* Presenter */,
			);
			path = ExerciseImagesTile;
			sourceTree = "<group>";
		};
		A28614DC2B40955C0099A88F /* Presenter */ = {
			isa = PBXGroup;
			children = (
				A28614E12B40959D0099A88F /* ExerciseImagesTilePresenter.swift */,
			);
			path = Presenter;
			sourceTree = "<group>";
		};
		A28614DD2B4095630099A88F /* View */ = {
			isa = PBXGroup;
			children = (
				A28614DF2B40957B0099A88F /* ExerciseImagesTileVeiwController.swift */,
			);
			path = View;
			sourceTree = "<group>";
		};
		A28614DE2B4095680099A88F /* Model */ = {
			isa = PBXGroup;
			children = (
			);
			path = Model;
			sourceTree = "<group>";
		};
		A28B40B12B46E1050071FBF0 /* ExerciseImageViewer */ = {
			isa = PBXGroup;
			children = (
				A28B40B42B46E13F0071FBF0 /* Model */,
				A28B40B32B46E1320071FBF0 /* View */,
				A28B40B22B46E12B0071FBF0 /* Presenter */,
			);
			path = ExerciseImageViewer;
			sourceTree = "<group>";
		};
		A28B40B22B46E12B0071FBF0 /* Presenter */ = {
			isa = PBXGroup;
			children = (
				A28B40B82B46E16B0071FBF0 /* ExerciseImageViewerPresenter.swift */,
			);
			path = Presenter;
			sourceTree = "<group>";
		};
		A28B40B32B46E1320071FBF0 /* View */ = {
			isa = PBXGroup;
			children = (
				A28B40B52B46E1550071FBF0 /* ExerciseImageViewerViewController.swift */,
			);
			path = View;
			sourceTree = "<group>";
		};
		A28B40B42B46E13F0071FBF0 /* Model */ = {
			isa = PBXGroup;
			children = (
			);
			path = Model;
			sourceTree = "<group>";
		};
		A28B7FB42A83C55B00B20B5F /* Buttons */ = {
			isa = PBXGroup;
			children = (
				A2ACA9462A3F26E30028F9FD /* EyeButtonView.swift */,
			);
			path = Buttons;
			sourceTree = "<group>";
		};
		A28B7FB52A84F74800B20B5F /* SettingsPage */ = {
			isa = PBXGroup;
			children = (
				A28B7FB82A84F76900B20B5F /* Model */,
				A28B7FB72A84F76300B20B5F /* View */,
				A28B7FB62A84F75900B20B5F /* Presenter */,
			);
			path = SettingsPage;
			sourceTree = "<group>";
		};
		A28B7FB62A84F75900B20B5F /* Presenter */ = {
			isa = PBXGroup;
			children = (
				A28B7FBB2A84F85300B20B5F /* SettingsPagePresenter.swift */,
			);
			path = Presenter;
			sourceTree = "<group>";
		};
		A28B7FB72A84F76300B20B5F /* View */ = {
			isa = PBXGroup;
			children = (
				A28B7FB92A84F78600B20B5F /* SettingsPageViewController.swift */,
			);
			path = View;
			sourceTree = "<group>";
		};
		A28B7FB82A84F76900B20B5F /* Model */ = {
			isa = PBXGroup;
			children = (
			);
			path = Model;
			sourceTree = "<group>";
		};
		A28B7FBD2A87DBE700B20B5F /* AboutAppPage */ = {
			isa = PBXGroup;
			children = (
				A28B7FC02A87DC1C00B20B5F /* Model */,
				A28B7FBF2A87DC1700B20B5F /* View */,
				A28B7FBE2A87DC0300B20B5F /* Presenter */,
			);
			path = AboutAppPage;
			sourceTree = "<group>";
		};
		A28B7FBE2A87DC0300B20B5F /* Presenter */ = {
			isa = PBXGroup;
			children = (
				A28B7FC32A87DC9200B20B5F /* AboutAppPagePresenter.swift */,
			);
			path = Presenter;
			sourceTree = "<group>";
		};
		A28B7FBF2A87DC1700B20B5F /* View */ = {
			isa = PBXGroup;
			children = (
				A28B7FC12A87DC3400B20B5F /* AboutAppPageViewController.swift */,
			);
			path = View;
			sourceTree = "<group>";
		};
		A28B7FC02A87DC1C00B20B5F /* Model */ = {
			isa = PBXGroup;
			children = (
			);
			path = Model;
			sourceTree = "<group>";
		};
		A28B7FC52A87DF5E00B20B5F /* PersonalAccountPage */ = {
			isa = PBXGroup;
			children = (
				A28B7FC82A87DF8200B20B5F /* Model */,
				A28B7FC72A87DF7B00B20B5F /* View */,
				A28B7FC62A87DF7600B20B5F /* Presenter */,
			);
			path = PersonalAccountPage;
			sourceTree = "<group>";
		};
		A28B7FC62A87DF7600B20B5F /* Presenter */ = {
			isa = PBXGroup;
			children = (
				A28B7FCB2A87E02B00B20B5F /* PersonalAccountPagePresenter.swift */,
			);
			path = Presenter;
			sourceTree = "<group>";
		};
		A28B7FC72A87DF7B00B20B5F /* View */ = {
			isa = PBXGroup;
			children = (
				A28B7FC92A87DF9A00B20B5F /* PersonalAccountPageViewController.swift */,
			);
			path = View;
			sourceTree = "<group>";
		};
		A28B7FC82A87DF8200B20B5F /* Model */ = {
			isa = PBXGroup;
			children = (
			);
			path = Model;
			sourceTree = "<group>";
		};
		A28B7FCD2A87E3AE00B20B5F /* MyAchievmentsPage */ = {
			isa = PBXGroup;
			children = (
				A28B7FD02A87E3C100B20B5F /* Model */,
				A28B7FCF2A87E3BD00B20B5F /* View */,
				A28B7FCE2A87E3B500B20B5F /* Presenter */,
			);
			path = MyAchievmentsPage;
			sourceTree = "<group>";
		};
		A28B7FCE2A87E3B500B20B5F /* Presenter */ = {
			isa = PBXGroup;
			children = (
				A28B7FD42A87E49D00B20B5F /* MyAchievmentsPagePresenter.swift */,
			);
			path = Presenter;
			sourceTree = "<group>";
		};
		A28B7FCF2A87E3BD00B20B5F /* View */ = {
			isa = PBXGroup;
			children = (
				A28B7FD22A87E42100B20B5F /* MyAchievmentsPageViewController.swift */,
			);
			path = View;
			sourceTree = "<group>";
		};
		A28B7FD02A87E3C100B20B5F /* Model */ = {
			isa = PBXGroup;
			children = (
			);
			path = Model;
			sourceTree = "<group>";
		};
		A28B7FD62A88AB1D00B20B5F /* MyExercisesPage */ = {
			isa = PBXGroup;
			children = (
				A28B7FD92A88AB8400B20B5F /* Model */,
				A28B7FD82A88AB7C00B20B5F /* View */,
				A28B7FD72A88AB7100B20B5F /* Presenter */,
			);
			path = MyExercisesPage;
			sourceTree = "<group>";
		};
		A28B7FD72A88AB7100B20B5F /* Presenter */ = {
			isa = PBXGroup;
			children = (
				A28B7FDC2A88AC7200B20B5F /* MyExercisesPagePresenter.swift */,
			);
			path = Presenter;
			sourceTree = "<group>";
		};
		A28B7FD82A88AB7C00B20B5F /* View */ = {
			isa = PBXGroup;
			children = (
				A28B7FDA2A88ABA800B20B5F /* MyExercisesPageViewController.swift */,
			);
			path = View;
			sourceTree = "<group>";
		};
		A28B7FD92A88AB8400B20B5F /* Model */ = {
			isa = PBXGroup;
			children = (
				A290CEBE2ADC42E800FE145B /* ExerciseTableViewCell.swift */,
			);
			path = Model;
			sourceTree = "<group>";
		};
		A28B7FDE2A88B23A00B20B5F /* MyWorkoutsPage */ = {
			isa = PBXGroup;
			children = (
				A28B7FE12A88B26500B20B5F /* Model */,
				A28B7FE02A88B25600B20B5F /* View */,
				A28B7FDF2A88B25000B20B5F /* Presenter */,
			);
			path = MyWorkoutsPage;
			sourceTree = "<group>";
		};
		A28B7FDF2A88B25000B20B5F /* Presenter */ = {
			isa = PBXGroup;
			children = (
				A28B7FE42A88B2D400B20B5F /* MyWorkoutsPagePresenter.swift */,
			);
			path = Presenter;
			sourceTree = "<group>";
		};
		A28B7FE02A88B25600B20B5F /* View */ = {
			isa = PBXGroup;
			children = (
				A28B7FE22A88B27800B20B5F /* MyWorkoutsPageViewController.swift */,
			);
			path = View;
			sourceTree = "<group>";
		};
		A28B7FE12A88B26500B20B5F /* Model */ = {
			isa = PBXGroup;
			children = (
			);
			path = Model;
			sourceTree = "<group>";
		};
		A28B7FE62A88B6A100B20B5F /* TrainingProgramsPage */ = {
			isa = PBXGroup;
			children = (
				A28B7FE92A88B72800B20B5F /* Model */,
				A28B7FE82A88B72500B20B5F /* View */,
				A28B7FE72A88B71B00B20B5F /* Presenter */,
			);
			path = TrainingProgramsPage;
			sourceTree = "<group>";
		};
		A28B7FE72A88B71B00B20B5F /* Presenter */ = {
			isa = PBXGroup;
			children = (
				A28B7FEC2A88B7BE00B20B5F /* TrainingProgramsPagePresenter.swift */,
			);
			path = Presenter;
			sourceTree = "<group>";
		};
		A28B7FE82A88B72500B20B5F /* View */ = {
			isa = PBXGroup;
			children = (
				A28B7FEA2A88B76400B20B5F /* TrainingProgramsViewController.swift */,
			);
			path = View;
			sourceTree = "<group>";
		};
		A28B7FE92A88B72800B20B5F /* Model */ = {
			isa = PBXGroup;
			children = (
			);
			path = Model;
			sourceTree = "<group>";
		};
		A29B4BC82AE3F22C00C5D886 /* AddExercisePage */ = {
			isa = PBXGroup;
			children = (
				A29B4BC92AE3F24D00C5D886 /* Model */,
				A29B4BCA2AE3F25F00C5D886 /* View */,
				A29B4BCB2AE3F29400C5D886 /* Presenter */,
			);
			path = AddExercisePage;
			sourceTree = "<group>";
		};
		A29B4BC92AE3F24D00C5D886 /* Model */ = {
			isa = PBXGroup;
			children = (
			);
			path = Model;
			sourceTree = "<group>";
		};
		A29B4BCA2AE3F25F00C5D886 /* View */ = {
			isa = PBXGroup;
			children = (
				A29B4BCC2AE3F2B700C5D886 /* AddExercisePageViewController.swift */,
			);
			path = View;
			sourceTree = "<group>";
		};
		A29B4BCB2AE3F29400C5D886 /* Presenter */ = {
			isa = PBXGroup;
			children = (
				A29B4BCE2AE3F2F900C5D886 /* AddExercisePagePresenter.swift */,
			);
			path = Presenter;
			sourceTree = "<group>";
		};
		A29B4BD02AE5501400C5D886 /* ExercisePage */ = {
			isa = PBXGroup;
			children = (
				A29B4BD32AE5505900C5D886 /* Model */,
				A29B4BD22AE5505300C5D886 /* View */,
				A29B4BD12AE5504500C5D886 /* Presenter */,
			);
			path = ExercisePage;
			sourceTree = "<group>";
		};
		A29B4BD12AE5504500C5D886 /* Presenter */ = {
			isa = PBXGroup;
			children = (
				A29B4BD62AE550EA00C5D886 /* ExercisePagePresenter.swift */,
			);
			path = Presenter;
			sourceTree = "<group>";
		};
		A29B4BD22AE5505300C5D886 /* View */ = {
			isa = PBXGroup;
			children = (
				A23A750A2AF803BB00C4B178 /* ExercisePageViewController.swift */,
			);
			path = View;
			sourceTree = "<group>";
		};
		A29B4BD32AE5505900C5D886 /* Model */ = {
			isa = PBXGroup;
			children = (
				A2E4C8902B35F31100AC89E4 /* ExerciseImagesCollectionsViewCell.swift */,
			);
			path = Model;
			sourceTree = "<group>";
		};
		A29C7D8D2A6548AB0065B255 /* DataBases */ = {
			isa = PBXGroup;
			children = (
				A29C7D8E2A6548C20065B255 /* UserDefaultsDataBase.swift */,
				A26E8F412A766ABB0054D495 /* KeychainDataBase.swift */,
				A29B4BC32AE2DC5000C5D886 /* RealmDataBase.swift */,
			);
			path = DataBases;
			sourceTree = "<group>";
		};
		A2ACA9362A3C6DBC0028F9FD /* Extensions */ = {
			isa = PBXGroup;
			children = (
				A26E8F3C2A7507AD0054D495 /* FileManagerExtensions.swift */,
				A2ACA93D2A3C72CA0028F9FD /* UIViewControllerExtensions.swift */,
				A290CEB02ADAAE0000FE145B /* UIViewExtensions.swift */,
				A290CEB22ADAB46000FE145B /* UILabelExtensions.swift */,
				A290CEB62ADABAFF00FE145B /* UImageViewExtensions.swift */,
				A22101DA2B3E11C0001563EA /* UIImageExtensions.swift */,
				A290CEB82ADABD8F00FE145B /* UIStackViewExtensions.swift */,
				A2ACA93F2A3C75650028F9FD /* StringExtensions.swift */,
				A2E4C8942B362B8200AC89E4 /* GifLoader.swift */,
			);
			path = Extensions;
			sourceTree = "<group>";
		};
		A2ACA9452A3F26C30028F9FD /* Models */ = {
			isa = PBXGroup;
			children = (
				A26E8F3F2A7667430054D495 /* CodableModels.swift */,
				A26635B92AB3199B00040DCF /* TabBarMenuModel.swift */,
				A29B4BC52AE2DD8500C5D886 /* ExerciseModel.swift */,
			);
			path = Models;
			sourceTree = "<group>";
		};
		A2C3FF752A18E71400231082 = {
			isa = PBXGroup;
			children = (
				A2C3FF802A18E71400231082 /* MyOwnWorkout */,
				A2C3FF7F2A18E71400231082 /* Products */,
			);
			sourceTree = "<group>";
		};
		A2C3FF7F2A18E71400231082 /* Products */ = {
			isa = PBXGroup;
			children = (
				A2C3FF7E2A18E71400231082 /* MyOwnWorkout.app */,
			);
			name = Products;
			sourceTree = "<group>";
		};
		A2C3FF802A18E71400231082 /* MyOwnWorkout */ = {
			isa = PBXGroup;
			children = (
				A2E4C8962B362BED00AC89E4 /* Gifs */,
				A29C7D8D2A6548AB0065B255 /* DataBases */,
				A2ACA9452A3F26C30028F9FD /* Models */,
				A26E8F3E2A7666F50054D495 /* Views */,
				A2D2E4512A6DB2AE002E5467 /* Controllers */,
				A2D2E44F2A6DB27A002E5467 /* Support */,
				A2ACA9362A3C6DBC0028F9FD /* Extensions */,
				A2D2E4502A6DB298002E5467 /* Storyboards */,
			);
			path = MyOwnWorkout;
			sourceTree = "<group>";
		};
		A2D2E44F2A6DB27A002E5467 /* Support */ = {
			isa = PBXGroup;
			children = (
				A2C3FF812A18E71400231082 /* AppDelegate.swift */,
				A26635B02AB2F37300040DCF /* NotificationSettings.swift */,
				A2C3FF832A18E71400231082 /* SceneDelegate.swift */,
				A26635B72AB30B6B00040DCF /* TabBarController.swift */,
				A2D2E4522A6DB36E002E5467 /* GeneralViewController.swift */,
				A2E4C8922B36074800AC89E4 /* Constants.swift */,
				A26635B22AB2FCE000040DCF /* Keys.swift */,
				A2C3FF8A2A18E71500231082 /* Assets.xcassets */,
				A2C3FF8F2A18E71500231082 /* Info.plist */,
				A22911BD2A9B679F00C978F4 /* GoogleService-Info.plist */,
			);
			path = Support;
			sourceTree = "<group>";
		};
		A2D2E4502A6DB298002E5467 /* Storyboards */ = {
			isa = PBXGroup;
			children = (
				A2C3FF8C2A18E71500231082 /* LaunchScreen.storyboard */,
				A2C3FF872A18E71400231082 /* Main.storyboard */,
			);
			path = Storyboards;
			sourceTree = "<group>";
		};
		A2D2E4512A6DB2AE002E5467 /* Controllers */ = {
			isa = PBXGroup;
			children = (
				A26635B42AB2FDD800040DCF /* Assembler */,
				A2D601B62A1E29B4001E7EE3 /* MainPage */,
				A201C87F2A2B590D006B1781 /* SchedulePage */,
				A275C9AA2A2B5C6900B18420 /* FeedPage */,
				A25F8A2C2A7B925D00C45AFB /* EntryPage */,
				A25F8A2D2A7B927200C45AFB /* SMSCodeApprovePage */,
				A275C9AF2A2B70BA00B18420 /* PersonPage */,
				A28B7FE62A88B6A100B20B5F /* TrainingProgramsPage */,
				A28B7FDE2A88B23A00B20B5F /* MyWorkoutsPage */,
				A28B7FD62A88AB1D00B20B5F /* MyExercisesPage */,
				A29B4BC82AE3F22C00C5D886 /* AddExercisePage */,
				A29B4BD02AE5501400C5D886 /* ExercisePage */,
				A23A750C2AF804A200C4B178 /* ExerciseSetupPage */,
				A28614DB2B4095340099A88F /* ExerciseImagesTile */,
				A28B40B12B46E1050071FBF0 /* ExerciseImageViewer */,
				A28B7FCD2A87E3AE00B20B5F /* MyAchievmentsPage */,
				A28B7FC52A87DF5E00B20B5F /* PersonalAccountPage */,
				A28B7FBD2A87DBE700B20B5F /* AboutAppPage */,
				A28B7FB52A84F74800B20B5F /* SettingsPage */,
			);
			path = Controllers;
			sourceTree = "<group>";
		};
		A2D601B62A1E29B4001E7EE3 /* MainPage */ = {
			isa = PBXGroup;
			children = (
				A25F8A2E2A7B92A100C45AFB /* Model */,
				A25F8A2F2A7B92B300C45AFB /* View */,
				A25F8A302A7B92CC00C45AFB /* Presenter */,
			);
			path = MainPage;
			sourceTree = "<group>";
		};
		A2E4C8962B362BED00AC89E4 /* Gifs */ = {
			isa = PBXGroup;
			children = (
				A2E4C8972B362C0900AC89E4 /* Gachigif.gif */,
			);
			path = Gifs;
			sourceTree = "<group>";
		};
/* End PBXGroup section */

/* Begin PBXNativeTarget section */
		A2C3FF7D2A18E71400231082 /* MyOwnWorkout */ = {
			isa = PBXNativeTarget;
			buildConfigurationList = A2C3FF922A18E71500231082 /* Build configuration list for PBXNativeTarget "MyOwnWorkout" */;
			buildPhases = (
				A2C3FF7A2A18E71400231082 /* Sources */,
				A2C3FF7B2A18E71400231082 /* Frameworks */,
				A2C3FF7C2A18E71400231082 /* Resources */,
			);
			buildRules = (
			);
			dependencies = (
			);
			name = MyOwnWorkout;
			packageProductDependencies = (
				5CA23CDA2AACA9C800E47A9F /* FirebaseAnalytics */,
				5CA23CDC2AACA9C800E47A9F /* FirebaseAuth */,
				5CA23CDE2AACA9C800E47A9F /* FirebaseDatabase */,
				5CA23CE02AACA9C800E47A9F /* FirebaseMessaging */,
				5CAF07B22ADA82A00009BED6 /* KeychainSwift */,
				A29B4BBF2AE2B9DB00C5D886 /* Realm */,
				A29B4BC12AE2B9DB00C5D886 /* RealmSwift */,
			);
			productName = MyOwnWorkout;
			productReference = A2C3FF7E2A18E71400231082 /* MyOwnWorkout.app */;
			productType = "com.apple.product-type.application";
		};
/* End PBXNativeTarget section */

/* Begin PBXProject section */
		A2C3FF762A18E71400231082 /* Project object */ = {
			isa = PBXProject;
			attributes = {
				BuildIndependentTargetsInParallel = 1;
				LastSwiftUpdateCheck = 1420;
				LastUpgradeCheck = 1420;
				TargetAttributes = {
					A2C3FF7D2A18E71400231082 = {
						CreatedOnToolsVersion = 14.2;
					};
				};
			};
			buildConfigurationList = A2C3FF792A18E71400231082 /* Build configuration list for PBXProject "MyOwnWorkout" */;
			compatibilityVersion = "Xcode 14.0";
			developmentRegion = en;
			hasScannedForEncodings = 0;
			knownRegions = (
				en,
				Base,
			);
			mainGroup = A2C3FF752A18E71400231082;
			packageReferences = (
				5CA23CD92AACA9C800E47A9F /* XCRemoteSwiftPackageReference "firebase-ios-sdk" */,
				5CAF07B12ADA82A00009BED6 /* XCRemoteSwiftPackageReference "keychain-swift" */,
				A29B4BBE2AE2B9DB00C5D886 /* XCRemoteSwiftPackageReference "realm-swift" */,
			);
			productRefGroup = A2C3FF7F2A18E71400231082 /* Products */;
			projectDirPath = "";
			projectRoot = "";
			targets = (
				A2C3FF7D2A18E71400231082 /* MyOwnWorkout */,
			);
		};
/* End PBXProject section */

/* Begin PBXResourcesBuildPhase section */
		A2C3FF7C2A18E71400231082 /* Resources */ = {
			isa = PBXResourcesBuildPhase;
			buildActionMask = 2147483647;
			files = (
				A2C3FF8E2A18E71500231082 /* LaunchScreen.storyboard in Resources */,
				A2E4C8982B362C0900AC89E4 /* Gachigif.gif in Resources */,
				A22911BE2A9B679F00C978F4 /* GoogleService-Info.plist in Resources */,
				A2C3FF8B2A18E71500231082 /* Assets.xcassets in Resources */,
				A2C3FF892A18E71400231082 /* Main.storyboard in Resources */,
			);
			runOnlyForDeploymentPostprocessing = 0;
		};
/* End PBXResourcesBuildPhase section */

/* Begin PBXSourcesBuildPhase section */
		A2C3FF7A2A18E71400231082 /* Sources */ = {
			isa = PBXSourcesBuildPhase;
			buildActionMask = 2147483647;
			files = (
				A29B4BC42AE2DC5000C5D886 /* RealmDataBase.swift in Sources */,
				A201C8812A2B5953006B1781 /* SchedulePageViewController.swift in Sources */,
				A28B7FE52A88B2D400B20B5F /* MyWorkoutsPagePresenter.swift in Sources */,
				A28B7FDD2A88AC7200B20B5F /* MyExercisesPagePresenter.swift in Sources */,
				A2954F922A7E99B9003947CF /* SMSCodeApprovePagePresenter.swift in Sources */,
				A2D2E4532A6DB36E002E5467 /* GeneralViewController.swift in Sources */,
				A290CEBF2ADC42E800FE145B /* ExerciseTableViewCell.swift in Sources */,
				A29B4BCD2AE3F2B700C5D886 /* AddExercisePageViewController.swift in Sources */,
				A28B7FD32A87E42100B20B5F /* MyAchievmentsPageViewController.swift in Sources */,
				A275C9B22A2B70EB00B18420 /* EntryPageViewController.swift in Sources */,
				A28B40B92B46E16B0071FBF0 /* ExerciseImageViewerPresenter.swift in Sources */,
				A2954F902A7E994B003947CF /* EntryPagePresenter.swift in Sources */,
				A28B7FED2A88B7BE00B20B5F /* TrainingProgramsPagePresenter.swift in Sources */,
				A22101DB2B3E11C0001563EA /* UIImageExtensions.swift in Sources */,
				A29C7D8F2A6548C20065B255 /* UserDefaultsDataBase.swift in Sources */,
				A2C3FF862A18E71400231082 /* MainPageViewController.swift in Sources */,
				A2954F942A7E9A36003947CF /* PersonPagePresenter.swift in Sources */,
				A28B40B62B46E1550071FBF0 /* ExerciseImageViewerViewController.swift in Sources */,
				A2C3FF822A18E71400231082 /* AppDelegate.swift in Sources */,
				A28B7FBA2A84F78600B20B5F /* SettingsPageViewController.swift in Sources */,
				A29B4BC62AE2DD8500C5D886 /* ExerciseModel.swift in Sources */,
				A290CEB72ADABAFF00FE145B /* UImageViewExtensions.swift in Sources */,
				A290CEB92ADABD8F00FE145B /* UIStackViewExtensions.swift in Sources */,
				A2C3FF842A18E71400231082 /* SceneDelegate.swift in Sources */,
				A26635B62AB2FDE800040DCF /* Assembler.swift in Sources */,
				A26E8F422A766ABB0054D495 /* KeychainDataBase.swift in Sources */,
				A28B7FDB2A88ABA800B20B5F /* MyExercisesPageViewController.swift in Sources */,
				A28B7FC22A87DC3400B20B5F /* AboutAppPageViewController.swift in Sources */,
				A26E8F3D2A7507AD0054D495 /* FileManagerExtensions.swift in Sources */,
				A2ACA9402A3C75650028F9FD /* StringExtensions.swift in Sources */,
				A28B7FCA2A87DF9A00B20B5F /* PersonalAccountPageViewController.swift in Sources */,
				A2954F8C2A7E90AB003947CF /* FeedPagePresenter.swift in Sources */,
				A2F78D6F2B272D2E00AF35AD /* SetupExercisePagePresenter.swift in Sources */,
				A290CEB12ADAAE0000FE145B /* UIViewExtensions.swift in Sources */,
				A26635B82AB30B6B00040DCF /* TabBarController.swift in Sources */,
				A28B7FCC2A87E02B00B20B5F /* PersonalAccountPagePresenter.swift in Sources */,
				A20A117F2AEF891C00E86B95 /* VerifyView.swift in Sources */,
				A2ACA93E2A3C72CA0028F9FD /* UIViewControllerExtensions.swift in Sources */,
				A28614E22B40959D0099A88F /* ExerciseImagesTilePresenter.swift in Sources */,
				A2954F882A7E8B9C003947CF /* MainPagePresenter.swift in Sources */,
				A2D601B52A1E273E001E7EE3 /* PersonPageViewController.swift in Sources */,
				A2E4C8952B362B8200AC89E4 /* GifLoader.swift in Sources */,
				A23A750B2AF803BC00C4B178 /* ExercisePageViewController.swift in Sources */,
				A26635B32AB2FCE000040DCF /* Keys.swift in Sources */,
				A275C9AC2A2B5CAF00B18420 /* FeedPageViewController.swift in Sources */,
				A26635B12AB2F37300040DCF /* NotificationSettings.swift in Sources */,
				A26E8F402A7667430054D495 /* CodableModels.swift in Sources */,
				A28B7FEB2A88B76400B20B5F /* TrainingProgramsViewController.swift in Sources */,
				A29B4BD72AE550EA00C5D886 /* ExercisePagePresenter.swift in Sources */,
				A28B7FD52A87E49D00B20B5F /* MyAchievmentsPagePresenter.swift in Sources */,
				A28B7FBC2A84F85300B20B5F /* SettingsPagePresenter.swift in Sources */,
				A23A75132AF804F900C4B178 /* SetupExercisePageViewController.swift in Sources */,
				A290CEB32ADAB46000FE145B /* UILabelExtensions.swift in Sources */,
				A29B4BCF2AE3F2F900C5D886 /* AddExercisePagePresenter.swift in Sources */,
				A2E4C8932B36074800AC89E4 /* Constants.swift in Sources */,
				A2ACA9472A3F26E30028F9FD /* EyeButtonView.swift in Sources */,
				A2954F8A2A7E9035003947CF /* SchedulePagePresenter.swift in Sources */,
				A28B7FE32A88B27800B20B5F /* MyWorkoutsPageViewController.swift in Sources */,
				A28614E02B40957B0099A88F /* ExerciseImagesTileVeiwController.swift in Sources */,
				A20A117D2AEF87AE00E86B95 /* VerifyTextField.swift in Sources */,
				A22BCDCD2A3713ED001071BE /* SMSCodeApprovePageViewController.swift in Sources */,
				A28B7FC42A87DC9200B20B5F /* AboutAppPagePresenter.swift in Sources */,
				A2E4C8912B35F31100AC89E4 /* ExerciseImagesCollectionsViewCell.swift in Sources */,
				A26635BA2AB3199B00040DCF /* TabBarMenuModel.swift in Sources */,
			);
			runOnlyForDeploymentPostprocessing = 0;
		};
/* End PBXSourcesBuildPhase section */

/* Begin PBXVariantGroup section */
		A2C3FF872A18E71400231082 /* Main.storyboard */ = {
			isa = PBXVariantGroup;
			children = (
				A2C3FF882A18E71400231082 /* Base */,
			);
			name = Main.storyboard;
			sourceTree = "<group>";
		};
		A2C3FF8C2A18E71500231082 /* LaunchScreen.storyboard */ = {
			isa = PBXVariantGroup;
			children = (
				A2C3FF8D2A18E71500231082 /* Base */,
			);
			name = LaunchScreen.storyboard;
			sourceTree = "<group>";
		};
/* End PBXVariantGroup section */

/* Begin XCBuildConfiguration section */
		A2C3FF902A18E71500231082 /* Debug */ = {
			isa = XCBuildConfiguration;
			buildSettings = {
				ALWAYS_SEARCH_USER_PATHS = NO;
				CLANG_ANALYZER_NONNULL = YES;
				CLANG_ANALYZER_NUMBER_OBJECT_CONVERSION = YES_AGGRESSIVE;
				CLANG_CXX_LANGUAGE_STANDARD = "gnu++20";
				CLANG_ENABLE_MODULES = YES;
				CLANG_ENABLE_OBJC_ARC = YES;
				CLANG_ENABLE_OBJC_WEAK = YES;
				CLANG_WARN_BLOCK_CAPTURE_AUTORELEASING = YES;
				CLANG_WARN_BOOL_CONVERSION = YES;
				CLANG_WARN_COMMA = YES;
				CLANG_WARN_CONSTANT_CONVERSION = YES;
				CLANG_WARN_DEPRECATED_OBJC_IMPLEMENTATIONS = YES;
				CLANG_WARN_DIRECT_OBJC_ISA_USAGE = YES_ERROR;
				CLANG_WARN_DOCUMENTATION_COMMENTS = YES;
				CLANG_WARN_EMPTY_BODY = YES;
				CLANG_WARN_ENUM_CONVERSION = YES;
				CLANG_WARN_INFINITE_RECURSION = YES;
				CLANG_WARN_INT_CONVERSION = YES;
				CLANG_WARN_NON_LITERAL_NULL_CONVERSION = YES;
				CLANG_WARN_OBJC_IMPLICIT_RETAIN_SELF = YES;
				CLANG_WARN_OBJC_LITERAL_CONVERSION = YES;
				CLANG_WARN_OBJC_ROOT_CLASS = YES_ERROR;
				CLANG_WARN_QUOTED_INCLUDE_IN_FRAMEWORK_HEADER = YES;
				CLANG_WARN_RANGE_LOOP_ANALYSIS = YES;
				CLANG_WARN_STRICT_PROTOTYPES = YES;
				CLANG_WARN_SUSPICIOUS_MOVE = YES;
				CLANG_WARN_UNGUARDED_AVAILABILITY = YES_AGGRESSIVE;
				CLANG_WARN_UNREACHABLE_CODE = YES;
				CLANG_WARN__DUPLICATE_METHOD_MATCH = YES;
				COPY_PHASE_STRIP = NO;
				DEBUG_INFORMATION_FORMAT = dwarf;
				ENABLE_STRICT_OBJC_MSGSEND = YES;
				ENABLE_TESTABILITY = YES;
				GCC_C_LANGUAGE_STANDARD = gnu11;
				GCC_DYNAMIC_NO_PIC = NO;
				GCC_NO_COMMON_BLOCKS = YES;
				GCC_OPTIMIZATION_LEVEL = 0;
				GCC_PREPROCESSOR_DEFINITIONS = (
					"DEBUG=1",
					"$(inherited)",
				);
				GCC_WARN_64_TO_32_BIT_CONVERSION = YES;
				GCC_WARN_ABOUT_RETURN_TYPE = YES_ERROR;
				GCC_WARN_UNDECLARED_SELECTOR = YES;
				GCC_WARN_UNINITIALIZED_AUTOS = YES_AGGRESSIVE;
				GCC_WARN_UNUSED_FUNCTION = YES;
				GCC_WARN_UNUSED_VARIABLE = YES;
				IPHONEOS_DEPLOYMENT_TARGET = 14.0;
				MTL_ENABLE_DEBUG_INFO = INCLUDE_SOURCE;
				MTL_FAST_MATH = YES;
				ONLY_ACTIVE_ARCH = YES;
				SDKROOT = iphoneos;
				SWIFT_ACTIVE_COMPILATION_CONDITIONS = DEBUG;
				SWIFT_OPTIMIZATION_LEVEL = "-Onone";
			};
			name = Debug;
		};
		A2C3FF912A18E71500231082 /* Release */ = {
			isa = XCBuildConfiguration;
			buildSettings = {
				ALWAYS_SEARCH_USER_PATHS = NO;
				CLANG_ANALYZER_NONNULL = YES;
				CLANG_ANALYZER_NUMBER_OBJECT_CONVERSION = YES_AGGRESSIVE;
				CLANG_CXX_LANGUAGE_STANDARD = "gnu++20";
				CLANG_ENABLE_MODULES = YES;
				CLANG_ENABLE_OBJC_ARC = YES;
				CLANG_ENABLE_OBJC_WEAK = YES;
				CLANG_WARN_BLOCK_CAPTURE_AUTORELEASING = YES;
				CLANG_WARN_BOOL_CONVERSION = YES;
				CLANG_WARN_COMMA = YES;
				CLANG_WARN_CONSTANT_CONVERSION = YES;
				CLANG_WARN_DEPRECATED_OBJC_IMPLEMENTATIONS = YES;
				CLANG_WARN_DIRECT_OBJC_ISA_USAGE = YES_ERROR;
				CLANG_WARN_DOCUMENTATION_COMMENTS = YES;
				CLANG_WARN_EMPTY_BODY = YES;
				CLANG_WARN_ENUM_CONVERSION = YES;
				CLANG_WARN_INFINITE_RECURSION = YES;
				CLANG_WARN_INT_CONVERSION = YES;
				CLANG_WARN_NON_LITERAL_NULL_CONVERSION = YES;
				CLANG_WARN_OBJC_IMPLICIT_RETAIN_SELF = YES;
				CLANG_WARN_OBJC_LITERAL_CONVERSION = YES;
				CLANG_WARN_OBJC_ROOT_CLASS = YES_ERROR;
				CLANG_WARN_QUOTED_INCLUDE_IN_FRAMEWORK_HEADER = YES;
				CLANG_WARN_RANGE_LOOP_ANALYSIS = YES;
				CLANG_WARN_STRICT_PROTOTYPES = YES;
				CLANG_WARN_SUSPICIOUS_MOVE = YES;
				CLANG_WARN_UNGUARDED_AVAILABILITY = YES_AGGRESSIVE;
				CLANG_WARN_UNREACHABLE_CODE = YES;
				CLANG_WARN__DUPLICATE_METHOD_MATCH = YES;
				COPY_PHASE_STRIP = NO;
				DEBUG_INFORMATION_FORMAT = "dwarf-with-dsym";
				ENABLE_NS_ASSERTIONS = NO;
				ENABLE_STRICT_OBJC_MSGSEND = YES;
				GCC_C_LANGUAGE_STANDARD = gnu11;
				GCC_NO_COMMON_BLOCKS = YES;
				GCC_WARN_64_TO_32_BIT_CONVERSION = YES;
				GCC_WARN_ABOUT_RETURN_TYPE = YES_ERROR;
				GCC_WARN_UNDECLARED_SELECTOR = YES;
				GCC_WARN_UNINITIALIZED_AUTOS = YES_AGGRESSIVE;
				GCC_WARN_UNUSED_FUNCTION = YES;
				GCC_WARN_UNUSED_VARIABLE = YES;
				IPHONEOS_DEPLOYMENT_TARGET = 14.0;
				MTL_ENABLE_DEBUG_INFO = NO;
				MTL_FAST_MATH = YES;
				SDKROOT = iphoneos;
				SWIFT_COMPILATION_MODE = wholemodule;
				SWIFT_OPTIMIZATION_LEVEL = "-O";
				VALIDATE_PRODUCT = YES;
			};
			name = Release;
		};
		A2C3FF932A18E71500231082 /* Debug */ = {
			isa = XCBuildConfiguration;
			buildSettings = {
				ASSETCATALOG_COMPILER_APPICON_NAME = AppIcon;
				ASSETCATALOG_COMPILER_GLOBAL_ACCENT_COLOR_NAME = AccentColor;
				CODE_SIGN_ENTITLEMENTS = MyOwnWorkout/MyOwnWorkout.entitlements;
				CODE_SIGN_IDENTITY = "Apple Development";
				CODE_SIGN_STYLE = Automatic;
				CURRENT_PROJECT_VERSION = 1;
				DEVELOPMENT_TEAM = 6GN2TT83FY;
				GENERATE_INFOPLIST_FILE = YES;
				INFOPLIST_FILE = MyOwnWorkout/Support/Info.plist;
				INFOPLIST_KEY_NSCameraUsageDescription = "Allow Camera";
				INFOPLIST_KEY_NSPhotoLibraryAddUsageDescription = "Allow Photos";
				INFOPLIST_KEY_UIApplicationSupportsIndirectInputEvents = YES;
				INFOPLIST_KEY_UILaunchStoryboardName = LaunchScreen;
				INFOPLIST_KEY_UIMainStoryboardFile = Main;
				INFOPLIST_KEY_UISupportedInterfaceOrientations_iPad = "UIInterfaceOrientationPortrait UIInterfaceOrientationPortraitUpsideDown UIInterfaceOrientationLandscapeLeft UIInterfaceOrientationLandscapeRight";
				INFOPLIST_KEY_UISupportedInterfaceOrientations_iPhone = "UIInterfaceOrientationPortrait UIInterfaceOrientationLandscapeLeft UIInterfaceOrientationLandscapeRight";
				IPHONEOS_DEPLOYMENT_TARGET = 14.0;
				LD_RUNPATH_SEARCH_PATHS = (
					"$(inherited)",
					"@executable_path/Frameworks",
				);
				MARKETING_VERSION = 1.0;
				PRODUCT_BUNDLE_IDENTIFIER = com.radiantbald.MyOwnWorkout;
				PRODUCT_NAME = "$(TARGET_NAME)";
				PROVISIONING_PROFILE_SPECIFIER = "";
				SWIFT_EMIT_LOC_STRINGS = YES;
				SWIFT_VERSION = 5.0;
				TARGETED_DEVICE_FAMILY = "1,2";
			};
			name = Debug;
		};
		A2C3FF942A18E71500231082 /* Release */ = {
			isa = XCBuildConfiguration;
			buildSettings = {
				ASSETCATALOG_COMPILER_APPICON_NAME = AppIcon;
				ASSETCATALOG_COMPILER_GLOBAL_ACCENT_COLOR_NAME = AccentColor;
				CODE_SIGN_ENTITLEMENTS = MyOwnWorkout/MyOwnWorkout.entitlements;
				CODE_SIGN_IDENTITY = "Apple Development";
				CODE_SIGN_STYLE = Automatic;
				CURRENT_PROJECT_VERSION = 1;
				DEVELOPMENT_TEAM = 6GN2TT83FY;
				GENERATE_INFOPLIST_FILE = YES;
				INFOPLIST_FILE = MyOwnWorkout/Support/Info.plist;
				INFOPLIST_KEY_NSCameraUsageDescription = "Allow Camera";
				INFOPLIST_KEY_NSPhotoLibraryAddUsageDescription = "Allow Photos";
				INFOPLIST_KEY_UIApplicationSupportsIndirectInputEvents = YES;
				INFOPLIST_KEY_UILaunchStoryboardName = LaunchScreen;
				INFOPLIST_KEY_UIMainStoryboardFile = Main;
				INFOPLIST_KEY_UISupportedInterfaceOrientations_iPad = "UIInterfaceOrientationPortrait UIInterfaceOrientationPortraitUpsideDown UIInterfaceOrientationLandscapeLeft UIInterfaceOrientationLandscapeRight";
				INFOPLIST_KEY_UISupportedInterfaceOrientations_iPhone = "UIInterfaceOrientationPortrait UIInterfaceOrientationLandscapeLeft UIInterfaceOrientationLandscapeRight";
				IPHONEOS_DEPLOYMENT_TARGET = 14.0;
				LD_RUNPATH_SEARCH_PATHS = (
					"$(inherited)",
					"@executable_path/Frameworks",
				);
				MARKETING_VERSION = 1.0;
				PRODUCT_BUNDLE_IDENTIFIER = com.radiantbald.MyOwnWorkout;
				PRODUCT_NAME = "$(TARGET_NAME)";
				PROVISIONING_PROFILE_SPECIFIER = "";
				SWIFT_EMIT_LOC_STRINGS = YES;
				SWIFT_VERSION = 5.0;
				TARGETED_DEVICE_FAMILY = "1,2";
			};
			name = Release;
		};
/* End XCBuildConfiguration section */

/* Begin XCConfigurationList section */
		A2C3FF792A18E71400231082 /* Build configuration list for PBXProject "MyOwnWorkout" */ = {
			isa = XCConfigurationList;
			buildConfigurations = (
				A2C3FF902A18E71500231082 /* Debug */,
				A2C3FF912A18E71500231082 /* Release */,
			);
			defaultConfigurationIsVisible = 0;
			defaultConfigurationName = Release;
		};
		A2C3FF922A18E71500231082 /* Build configuration list for PBXNativeTarget "MyOwnWorkout" */ = {
			isa = XCConfigurationList;
			buildConfigurations = (
				A2C3FF932A18E71500231082 /* Debug */,
				A2C3FF942A18E71500231082 /* Release */,
			);
			defaultConfigurationIsVisible = 0;
			defaultConfigurationName = Release;
		};
/* End XCConfigurationList section */

/* Begin XCRemoteSwiftPackageReference section */
		5CA23CD92AACA9C800E47A9F /* XCRemoteSwiftPackageReference "firebase-ios-sdk" */ = {
			isa = XCRemoteSwiftPackageReference;
			repositoryURL = "https://github.com/firebase/firebase-ios-sdk";
			requirement = {
				kind = upToNextMajorVersion;
				minimumVersion = 10.0.0;
			};
		};
		5CAF07B12ADA82A00009BED6 /* XCRemoteSwiftPackageReference "keychain-swift" */ = {
			isa = XCRemoteSwiftPackageReference;
			repositoryURL = "https://github.com/evgenyneu/keychain-swift.git";
			requirement = {
				kind = upToNextMajorVersion;
				minimumVersion = 20.0.0;
			};
		};
		A29B4BBE2AE2B9DB00C5D886 /* XCRemoteSwiftPackageReference "realm-swift" */ = {
			isa = XCRemoteSwiftPackageReference;
			repositoryURL = "https://github.com/realm/realm-swift.git";
			requirement = {
				kind = upToNextMajorVersion;
				minimumVersion = 10.43.1;
			};
		};
/* End XCRemoteSwiftPackageReference section */

/* Begin XCSwiftPackageProductDependency section */
		5CA23CDA2AACA9C800E47A9F /* FirebaseAnalytics */ = {
			isa = XCSwiftPackageProductDependency;
			package = 5CA23CD92AACA9C800E47A9F /* XCRemoteSwiftPackageReference "firebase-ios-sdk" */;
			productName = FirebaseAnalytics;
		};
		5CA23CDC2AACA9C800E47A9F /* FirebaseAuth */ = {
			isa = XCSwiftPackageProductDependency;
			package = 5CA23CD92AACA9C800E47A9F /* XCRemoteSwiftPackageReference "firebase-ios-sdk" */;
			productName = FirebaseAuth;
		};
		5CA23CDE2AACA9C800E47A9F /* FirebaseDatabase */ = {
			isa = XCSwiftPackageProductDependency;
			package = 5CA23CD92AACA9C800E47A9F /* XCRemoteSwiftPackageReference "firebase-ios-sdk" */;
			productName = FirebaseDatabase;
		};
		5CA23CE02AACA9C800E47A9F /* FirebaseMessaging */ = {
			isa = XCSwiftPackageProductDependency;
			package = 5CA23CD92AACA9C800E47A9F /* XCRemoteSwiftPackageReference "firebase-ios-sdk" */;
			productName = FirebaseMessaging;
		};
		5CAF07B22ADA82A00009BED6 /* KeychainSwift */ = {
			isa = XCSwiftPackageProductDependency;
			package = 5CAF07B12ADA82A00009BED6 /* XCRemoteSwiftPackageReference "keychain-swift" */;
			productName = KeychainSwift;
		};
		A29B4BBF2AE2B9DB00C5D886 /* Realm */ = {
			isa = XCSwiftPackageProductDependency;
			package = A29B4BBE2AE2B9DB00C5D886 /* XCRemoteSwiftPackageReference "realm-swift" */;
			productName = Realm;
		};
		A29B4BC12AE2B9DB00C5D886 /* RealmSwift */ = {
			isa = XCSwiftPackageProductDependency;
			package = A29B4BBE2AE2B9DB00C5D886 /* XCRemoteSwiftPackageReference "realm-swift" */;
			productName = RealmSwift;
		};
/* End XCSwiftPackageProductDependency section */
	};
	rootObject = A2C3FF762A18E71400231082 /* Project object */;
}
